
Microsoft Visual Studio Solution File, Format Version 12.00
# Visual Studio 15
VisualStudioVersion = 15.0.25920.0
MinimumVisualStudioVersion = 10.0.40219.1
Project("{FAE04EC0-301F-11D3-BF4B-00C04F79EFBC}") = "Semestralka", "Semestralka\Semestralka.csproj", "{B1438F8E-A3A5-44BA-B223-6479CAA382E3}"
EndProject
Project("{FAE04EC0-301F-11D3-BF4B-00C04F79EFBC}") = "LinqWorkshop", "LinqWorkshop\LinqWorkshop.csproj", "{875B5EAD-75FB-452C-BD1D-CF8537FF9B44}"
EndProject
Project("{FAE04EC0-301F-11D3-BF4B-00C04F79EFBC}") = "UnitTestProject", "UnitTestProject1\UnitTestProject.csproj", "{823E2BB0-55FC-49F6-81E4-5EA8FE5BCE2E}"
EndProject
Project("{FAE04EC0-301F-11D3-BF4B-00C04F79EFBC}") = "DataModel", "DataModel\DataModel.csproj", "{F1959AD9-FD44-42E2-908A-BE08C62FE483}"
EndProject
Project("{FAE04EC0-301F-11D3-BF4B-00C04F79EFBC}") = "ServerSide", "ServerSide\ServerSide.csproj", "{451932C8-F9B0-4A48-888A-1536913EE013}"
EndProject
Project("{FAE04EC0-301F-11D3-BF4B-00C04F79EFBC}") = "WcfServiceHost", "WcfServiceHost\WcfServiceHost.csproj", "{8CB2EA51-06D1-497F-B2C2-F21339574F84}"
EndProject
Project("{FAE04EC0-301F-11D3-BF4B-00C04F79EFBC}") = "WcfServiceClient", "WcfServiceClient\WcfServiceClient.csproj", "{E19FFEDB-DB1F-4088-B41A-CFE14089E485}"
	ProjectSection(ProjectDependencies) = postProject
		{C02F8D45-A945-4586-9AE7-C101C39FA550} = {C02F8D45-A945-4586-9AE7-C101C39FA550}
	EndProjectSection
EndProject
Project("{FAE04EC0-301F-11D3-BF4B-00C04F79EFBC}") = "WcfService", "WcfService\WcfService.csproj", "{C02F8D45-A945-4586-9AE7-C101C39FA550}"
EndProject
Project("{2150E333-8FDC-42A3-9474-1A3956D46DE8}") = ".nuget", ".nuget", "{D6315931-1596-4400-AE6F-185A78014CC3}"
	ProjectSection(SolutionItems) = preProject
		.nuget\NuGet.Config = .nuget\NuGet.Config
		.nuget\NuGet.exe = .nuget\NuGet.exe
		.nuget\NuGet.targets = .nuget\NuGet.targets
	EndProjectSection
EndProject
Project("{FAE04EC0-301F-11D3-BF4B-00C04F79EFBC}") = "wpfko", "wpfko\wpfko.csproj", "{30FF8485-30EB-4124-8E84-F59589028251}"
EndProject
Project("{FAE04EC0-301F-11D3-BF4B-00C04F79EFBC}") = "Server", "Server\Server.csproj", "{1DF74B76-28EB-48CF-943C-92EAB365B793}"
EndProject
Project("{2150E333-8FDC-42A3-9474-1A3956D46DE8}") = "MobileApp", "MobileApp", "{45832DFF-3E9F-4E6F-BFB3-E895AF343475}"
EndProject
Project("{FAE04EC0-301F-11D3-BF4B-00C04F79EFBC}") = "FreeTravelersApp", "FreeTravelersApp\FreeTravelersApp.csproj", "{11350FC5-7233-4257-9612-22B6F9A0D4F1}"
EndProject
Project("{FAE04EC0-301F-11D3-BF4B-00C04F79EFBC}") = "FreeTravelersApp.Droid", "FreeTravelersApp.Droid\FreeTravelersApp.Droid.csproj", "{8D6C7978-AC25-4FEE-B278-33010F3BED45}"
EndProject
Project("{FAE04EC0-301F-11D3-BF4B-00C04F79EFBC}") = "FreeTravelersApp.iOS", "FreeTravelersApp.iOS\FreeTravelersApp.iOS.csproj", "{45214090-20E4-4F0F-9A06-9CAF9BC56982}"
EndProject
Project("{FAE04EC0-301F-11D3-BF4B-00C04F79EFBC}") = "FreeTravelersApp.UWP", "FreeTravelersApp.UWP\FreeTravelersApp.UWP.csproj", "{06C7236B-2764-41D9-8432-B1946F9079C5}"
EndProject
Project("{FAE04EC0-301F-11D3-BF4B-00C04F79EFBC}") = "SharedProj", "SharedProj\SharedProj.csproj", "{F5549BB3-AFB0-453B-866D-A8D7B1E6403E}"
EndProject
Global
	GlobalSection(SolutionConfigurationPlatforms) = preSolution
		Ad-Hoc|Any CPU = Ad-Hoc|Any CPU
		Ad-Hoc|ARM = Ad-Hoc|ARM
		Ad-Hoc|iPhone = Ad-Hoc|iPhone
		Ad-Hoc|iPhoneSimulator = Ad-Hoc|iPhoneSimulator
		Ad-Hoc|x64 = Ad-Hoc|x64
		Ad-Hoc|x86 = Ad-Hoc|x86
		AppStore|Any CPU = AppStore|Any CPU
		AppStore|ARM = AppStore|ARM
		AppStore|iPhone = AppStore|iPhone
		AppStore|iPhoneSimulator = AppStore|iPhoneSimulator
		AppStore|x64 = AppStore|x64
		AppStore|x86 = AppStore|x86
		Debug|Any CPU = Debug|Any CPU
		Debug|ARM = Debug|ARM
		Debug|iPhone = Debug|iPhone
		Debug|iPhoneSimulator = Debug|iPhoneSimulator
		Debug|x64 = Debug|x64
		Debug|x86 = Debug|x86
		Release|Any CPU = Release|Any CPU
		Release|ARM = Release|ARM
		Release|iPhone = Release|iPhone
		Release|iPhoneSimulator = Release|iPhoneSimulator
		Release|x64 = Release|x64
		Release|x86 = Release|x86
	EndGlobalSection
	GlobalSection(ProjectConfigurationPlatforms) = postSolution
		{B1438F8E-A3A5-44BA-B223-6479CAA382E3}.Ad-Hoc|Any CPU.ActiveCfg = Release|Any CPU
		{B1438F8E-A3A5-44BA-B223-6479CAA382E3}.Ad-Hoc|Any CPU.Build.0 = Release|Any CPU
		{B1438F8E-A3A5-44BA-B223-6479CAA382E3}.Ad-Hoc|ARM.ActiveCfg = Release|Any CPU
		{B1438F8E-A3A5-44BA-B223-6479CAA382E3}.Ad-Hoc|ARM.Build.0 = Release|Any CPU
		{B1438F8E-A3A5-44BA-B223-6479CAA382E3}.Ad-Hoc|iPhone.ActiveCfg = Release|Any CPU
		{B1438F8E-A3A5-44BA-B223-6479CAA382E3}.Ad-Hoc|iPhone.Build.0 = Release|Any CPU
		{B1438F8E-A3A5-44BA-B223-6479CAA382E3}.Ad-Hoc|iPhoneSimulator.ActiveCfg = Release|Any CPU
		{B1438F8E-A3A5-44BA-B223-6479CAA382E3}.Ad-Hoc|iPhoneSimulator.Build.0 = Release|Any CPU
		{B1438F8E-A3A5-44BA-B223-6479CAA382E3}.Ad-Hoc|x64.ActiveCfg = Release|Any CPU
		{B1438F8E-A3A5-44BA-B223-6479CAA382E3}.Ad-Hoc|x64.Build.0 = Release|Any CPU
		{B1438F8E-A3A5-44BA-B223-6479CAA382E3}.Ad-Hoc|x86.ActiveCfg = Release|Any CPU
		{B1438F8E-A3A5-44BA-B223-6479CAA382E3}.Ad-Hoc|x86.Build.0 = Release|Any CPU
		{B1438F8E-A3A5-44BA-B223-6479CAA382E3}.AppStore|Any CPU.ActiveCfg = Release|Any CPU
		{B1438F8E-A3A5-44BA-B223-6479CAA382E3}.AppStore|Any CPU.Build.0 = Release|Any CPU
		{B1438F8E-A3A5-44BA-B223-6479CAA382E3}.AppStore|ARM.ActiveCfg = Release|Any CPU
		{B1438F8E-A3A5-44BA-B223-6479CAA382E3}.AppStore|ARM.Build.0 = Release|Any CPU
		{B1438F8E-A3A5-44BA-B223-6479CAA382E3}.AppStore|iPhone.ActiveCfg = Release|Any CPU
		{B1438F8E-A3A5-44BA-B223-6479CAA382E3}.AppStore|iPhone.Build.0 = Release|Any CPU
		{B1438F8E-A3A5-44BA-B223-6479CAA382E3}.AppStore|iPhoneSimulator.ActiveCfg = Release|Any CPU
		{B1438F8E-A3A5-44BA-B223-6479CAA382E3}.AppStore|iPhoneSimulator.Build.0 = Release|Any CPU
		{B1438F8E-A3A5-44BA-B223-6479CAA382E3}.AppStore|x64.ActiveCfg = Release|Any CPU
		{B1438F8E-A3A5-44BA-B223-6479CAA382E3}.AppStore|x64.Build.0 = Release|Any CPU
		{B1438F8E-A3A5-44BA-B223-6479CAA382E3}.AppStore|x86.ActiveCfg = Release|Any CPU
		{B1438F8E-A3A5-44BA-B223-6479CAA382E3}.AppStore|x86.Build.0 = Release|Any CPU
		{B1438F8E-A3A5-44BA-B223-6479CAA382E3}.Debug|Any CPU.ActiveCfg = Debug|Any CPU
		{B1438F8E-A3A5-44BA-B223-6479CAA382E3}.Debug|Any CPU.Build.0 = Debug|Any CPU
		{B1438F8E-A3A5-44BA-B223-6479CAA382E3}.Debug|ARM.ActiveCfg = Debug|Any CPU
		{B1438F8E-A3A5-44BA-B223-6479CAA382E3}.Debug|ARM.Build.0 = Debug|Any CPU
		{B1438F8E-A3A5-44BA-B223-6479CAA382E3}.Debug|iPhone.ActiveCfg = Debug|Any CPU
		{B1438F8E-A3A5-44BA-B223-6479CAA382E3}.Debug|iPhone.Build.0 = Debug|Any CPU
		{B1438F8E-A3A5-44BA-B223-6479CAA382E3}.Debug|iPhoneSimulator.ActiveCfg = Debug|Any CPU
		{B1438F8E-A3A5-44BA-B223-6479CAA382E3}.Debug|iPhoneSimulator.Build.0 = Debug|Any CPU
		{B1438F8E-A3A5-44BA-B223-6479CAA382E3}.Debug|x64.ActiveCfg = Debug|Any CPU
		{B1438F8E-A3A5-44BA-B223-6479CAA382E3}.Debug|x64.Build.0 = Debug|Any CPU
		{B1438F8E-A3A5-44BA-B223-6479CAA382E3}.Debug|x86.ActiveCfg = Debug|Any CPU
		{B1438F8E-A3A5-44BA-B223-6479CAA382E3}.Debug|x86.Build.0 = Debug|Any CPU
		{B1438F8E-A3A5-44BA-B223-6479CAA382E3}.Release|Any CPU.ActiveCfg = Release|Any CPU
		{B1438F8E-A3A5-44BA-B223-6479CAA382E3}.Release|Any CPU.Build.0 = Release|Any CPU
		{B1438F8E-A3A5-44BA-B223-6479CAA382E3}.Release|ARM.ActiveCfg = Release|Any CPU
		{B1438F8E-A3A5-44BA-B223-6479CAA382E3}.Release|ARM.Build.0 = Release|Any CPU
		{B1438F8E-A3A5-44BA-B223-6479CAA382E3}.Release|iPhone.ActiveCfg = Release|Any CPU
		{B1438F8E-A3A5-44BA-B223-6479CAA382E3}.Release|iPhone.Build.0 = Release|Any CPU
		{B1438F8E-A3A5-44BA-B223-6479CAA382E3}.Release|iPhoneSimulator.ActiveCfg = Release|Any CPU
		{B1438F8E-A3A5-44BA-B223-6479CAA382E3}.Release|iPhoneSimulator.Build.0 = Release|Any CPU
		{B1438F8E-A3A5-44BA-B223-6479CAA382E3}.Release|x64.ActiveCfg = Release|Any CPU
		{B1438F8E-A3A5-44BA-B223-6479CAA382E3}.Release|x64.Build.0 = Release|Any CPU
		{B1438F8E-A3A5-44BA-B223-6479CAA382E3}.Release|x86.ActiveCfg = Release|Any CPU
		{B1438F8E-A3A5-44BA-B223-6479CAA382E3}.Release|x86.Build.0 = Release|Any CPU
		{875B5EAD-75FB-452C-BD1D-CF8537FF9B44}.Ad-Hoc|Any CPU.ActiveCfg = Release|Any CPU
		{875B5EAD-75FB-452C-BD1D-CF8537FF9B44}.Ad-Hoc|Any CPU.Build.0 = Release|Any CPU
		{875B5EAD-75FB-452C-BD1D-CF8537FF9B44}.Ad-Hoc|ARM.ActiveCfg = Release|Any CPU
		{875B5EAD-75FB-452C-BD1D-CF8537FF9B44}.Ad-Hoc|ARM.Build.0 = Release|Any CPU
		{875B5EAD-75FB-452C-BD1D-CF8537FF9B44}.Ad-Hoc|iPhone.ActiveCfg = Release|Any CPU
		{875B5EAD-75FB-452C-BD1D-CF8537FF9B44}.Ad-Hoc|iPhone.Build.0 = Release|Any CPU
		{875B5EAD-75FB-452C-BD1D-CF8537FF9B44}.Ad-Hoc|iPhoneSimulator.ActiveCfg = Release|Any CPU
		{875B5EAD-75FB-452C-BD1D-CF8537FF9B44}.Ad-Hoc|iPhoneSimulator.Build.0 = Release|Any CPU
		{875B5EAD-75FB-452C-BD1D-CF8537FF9B44}.Ad-Hoc|x64.ActiveCfg = Release|Any CPU
		{875B5EAD-75FB-452C-BD1D-CF8537FF9B44}.Ad-Hoc|x64.Build.0 = Release|Any CPU
		{875B5EAD-75FB-452C-BD1D-CF8537FF9B44}.Ad-Hoc|x86.ActiveCfg = Release|Any CPU
		{875B5EAD-75FB-452C-BD1D-CF8537FF9B44}.Ad-Hoc|x86.Build.0 = Release|Any CPU
		{875B5EAD-75FB-452C-BD1D-CF8537FF9B44}.AppStore|Any CPU.ActiveCfg = Release|Any CPU
		{875B5EAD-75FB-452C-BD1D-CF8537FF9B44}.AppStore|Any CPU.Build.0 = Release|Any CPU
		{875B5EAD-75FB-452C-BD1D-CF8537FF9B44}.AppStore|ARM.ActiveCfg = Release|Any CPU
		{875B5EAD-75FB-452C-BD1D-CF8537FF9B44}.AppStore|ARM.Build.0 = Release|Any CPU
		{875B5EAD-75FB-452C-BD1D-CF8537FF9B44}.AppStore|iPhone.ActiveCfg = Release|Any CPU
		{875B5EAD-75FB-452C-BD1D-CF8537FF9B44}.AppStore|iPhone.Build.0 = Release|Any CPU
		{875B5EAD-75FB-452C-BD1D-CF8537FF9B44}.AppStore|iPhoneSimulator.ActiveCfg = Release|Any CPU
		{875B5EAD-75FB-452C-BD1D-CF8537FF9B44}.AppStore|iPhoneSimulator.Build.0 = Release|Any CPU
		{875B5EAD-75FB-452C-BD1D-CF8537FF9B44}.AppStore|x64.ActiveCfg = Release|Any CPU
		{875B5EAD-75FB-452C-BD1D-CF8537FF9B44}.AppStore|x64.Build.0 = Release|Any CPU
		{875B5EAD-75FB-452C-BD1D-CF8537FF9B44}.AppStore|x86.ActiveCfg = Release|Any CPU
		{875B5EAD-75FB-452C-BD1D-CF8537FF9B44}.AppStore|x86.Build.0 = Release|Any CPU
		{875B5EAD-75FB-452C-BD1D-CF8537FF9B44}.Debug|Any CPU.ActiveCfg = Debug|Any CPU
		{875B5EAD-75FB-452C-BD1D-CF8537FF9B44}.Debug|Any CPU.Build.0 = Debug|Any CPU
		{875B5EAD-75FB-452C-BD1D-CF8537FF9B44}.Debug|ARM.ActiveCfg = Debug|Any CPU
		{875B5EAD-75FB-452C-BD1D-CF8537FF9B44}.Debug|ARM.Build.0 = Debug|Any CPU
		{875B5EAD-75FB-452C-BD1D-CF8537FF9B44}.Debug|iPhone.ActiveCfg = Debug|Any CPU
		{875B5EAD-75FB-452C-BD1D-CF8537FF9B44}.Debug|iPhone.Build.0 = Debug|Any CPU
		{875B5EAD-75FB-452C-BD1D-CF8537FF9B44}.Debug|iPhoneSimulator.ActiveCfg = Debug|Any CPU
		{875B5EAD-75FB-452C-BD1D-CF8537FF9B44}.Debug|iPhoneSimulator.Build.0 = Debug|Any CPU
		{875B5EAD-75FB-452C-BD1D-CF8537FF9B44}.Debug|x64.ActiveCfg = Debug|Any CPU
		{875B5EAD-75FB-452C-BD1D-CF8537FF9B44}.Debug|x64.Build.0 = Debug|Any CPU
		{875B5EAD-75FB-452C-BD1D-CF8537FF9B44}.Debug|x86.ActiveCfg = Debug|Any CPU
		{875B5EAD-75FB-452C-BD1D-CF8537FF9B44}.Debug|x86.Build.0 = Debug|Any CPU
		{875B5EAD-75FB-452C-BD1D-CF8537FF9B44}.Release|Any CPU.ActiveCfg = Release|Any CPU
		{875B5EAD-75FB-452C-BD1D-CF8537FF9B44}.Release|Any CPU.Build.0 = Release|Any CPU
		{875B5EAD-75FB-452C-BD1D-CF8537FF9B44}.Release|ARM.ActiveCfg = Release|Any CPU
		{875B5EAD-75FB-452C-BD1D-CF8537FF9B44}.Release|ARM.Build.0 = Release|Any CPU
		{875B5EAD-75FB-452C-BD1D-CF8537FF9B44}.Release|iPhone.ActiveCfg = Release|Any CPU
		{875B5EAD-75FB-452C-BD1D-CF8537FF9B44}.Release|iPhone.Build.0 = Release|Any CPU
		{875B5EAD-75FB-452C-BD1D-CF8537FF9B44}.Release|iPhoneSimulator.ActiveCfg = Release|Any CPU
		{875B5EAD-75FB-452C-BD1D-CF8537FF9B44}.Release|iPhoneSimulator.Build.0 = Release|Any CPU
		{875B5EAD-75FB-452C-BD1D-CF8537FF9B44}.Release|x64.ActiveCfg = Release|Any CPU
		{875B5EAD-75FB-452C-BD1D-CF8537FF9B44}.Release|x64.Build.0 = Release|Any CPU
		{875B5EAD-75FB-452C-BD1D-CF8537FF9B44}.Release|x86.ActiveCfg = Release|Any CPU
		{875B5EAD-75FB-452C-BD1D-CF8537FF9B44}.Release|x86.Build.0 = Release|Any CPU
		{823E2BB0-55FC-49F6-81E4-5EA8FE5BCE2E}.Ad-Hoc|Any CPU.ActiveCfg = Release|Any CPU
		{823E2BB0-55FC-49F6-81E4-5EA8FE5BCE2E}.Ad-Hoc|Any CPU.Build.0 = Release|Any CPU
		{823E2BB0-55FC-49F6-81E4-5EA8FE5BCE2E}.Ad-Hoc|ARM.ActiveCfg = Release|Any CPU
		{823E2BB0-55FC-49F6-81E4-5EA8FE5BCE2E}.Ad-Hoc|ARM.Build.0 = Release|Any CPU
		{823E2BB0-55FC-49F6-81E4-5EA8FE5BCE2E}.Ad-Hoc|iPhone.ActiveCfg = Release|Any CPU
		{823E2BB0-55FC-49F6-81E4-5EA8FE5BCE2E}.Ad-Hoc|iPhone.Build.0 = Release|Any CPU
		{823E2BB0-55FC-49F6-81E4-5EA8FE5BCE2E}.Ad-Hoc|iPhoneSimulator.ActiveCfg = Release|Any CPU
		{823E2BB0-55FC-49F6-81E4-5EA8FE5BCE2E}.Ad-Hoc|iPhoneSimulator.Build.0 = Release|Any CPU
		{823E2BB0-55FC-49F6-81E4-5EA8FE5BCE2E}.Ad-Hoc|x64.ActiveCfg = Release|Any CPU
		{823E2BB0-55FC-49F6-81E4-5EA8FE5BCE2E}.Ad-Hoc|x64.Build.0 = Release|Any CPU
		{823E2BB0-55FC-49F6-81E4-5EA8FE5BCE2E}.Ad-Hoc|x86.ActiveCfg = Release|Any CPU
		{823E2BB0-55FC-49F6-81E4-5EA8FE5BCE2E}.Ad-Hoc|x86.Build.0 = Release|Any CPU
		{823E2BB0-55FC-49F6-81E4-5EA8FE5BCE2E}.AppStore|Any CPU.ActiveCfg = Release|Any CPU
		{823E2BB0-55FC-49F6-81E4-5EA8FE5BCE2E}.AppStore|Any CPU.Build.0 = Release|Any CPU
		{823E2BB0-55FC-49F6-81E4-5EA8FE5BCE2E}.AppStore|ARM.ActiveCfg = Release|Any CPU
		{823E2BB0-55FC-49F6-81E4-5EA8FE5BCE2E}.AppStore|ARM.Build.0 = Release|Any CPU
		{823E2BB0-55FC-49F6-81E4-5EA8FE5BCE2E}.AppStore|iPhone.ActiveCfg = Release|Any CPU
		{823E2BB0-55FC-49F6-81E4-5EA8FE5BCE2E}.AppStore|iPhone.Build.0 = Release|Any CPU
		{823E2BB0-55FC-49F6-81E4-5EA8FE5BCE2E}.AppStore|iPhoneSimulator.ActiveCfg = Release|Any CPU
		{823E2BB0-55FC-49F6-81E4-5EA8FE5BCE2E}.AppStore|iPhoneSimulator.Build.0 = Release|Any CPU
		{823E2BB0-55FC-49F6-81E4-5EA8FE5BCE2E}.AppStore|x64.ActiveCfg = Release|Any CPU
		{823E2BB0-55FC-49F6-81E4-5EA8FE5BCE2E}.AppStore|x64.Build.0 = Release|Any CPU
		{823E2BB0-55FC-49F6-81E4-5EA8FE5BCE2E}.AppStore|x86.ActiveCfg = Release|Any CPU
		{823E2BB0-55FC-49F6-81E4-5EA8FE5BCE2E}.AppStore|x86.Build.0 = Release|Any CPU
		{823E2BB0-55FC-49F6-81E4-5EA8FE5BCE2E}.Debug|Any CPU.ActiveCfg = Debug|Any CPU
		{823E2BB0-55FC-49F6-81E4-5EA8FE5BCE2E}.Debug|Any CPU.Build.0 = Debug|Any CPU
		{823E2BB0-55FC-49F6-81E4-5EA8FE5BCE2E}.Debug|ARM.ActiveCfg = Debug|Any CPU
		{823E2BB0-55FC-49F6-81E4-5EA8FE5BCE2E}.Debug|ARM.Build.0 = Debug|Any CPU
		{823E2BB0-55FC-49F6-81E4-5EA8FE5BCE2E}.Debug|iPhone.ActiveCfg = Debug|Any CPU
		{823E2BB0-55FC-49F6-81E4-5EA8FE5BCE2E}.Debug|iPhone.Build.0 = Debug|Any CPU
		{823E2BB0-55FC-49F6-81E4-5EA8FE5BCE2E}.Debug|iPhoneSimulator.ActiveCfg = Debug|Any CPU
		{823E2BB0-55FC-49F6-81E4-5EA8FE5BCE2E}.Debug|iPhoneSimulator.Build.0 = Debug|Any CPU
		{823E2BB0-55FC-49F6-81E4-5EA8FE5BCE2E}.Debug|x64.ActiveCfg = Debug|Any CPU
		{823E2BB0-55FC-49F6-81E4-5EA8FE5BCE2E}.Debug|x64.Build.0 = Debug|Any CPU
		{823E2BB0-55FC-49F6-81E4-5EA8FE5BCE2E}.Debug|x86.ActiveCfg = Debug|Any CPU
		{823E2BB0-55FC-49F6-81E4-5EA8FE5BCE2E}.Debug|x86.Build.0 = Debug|Any CPU
		{823E2BB0-55FC-49F6-81E4-5EA8FE5BCE2E}.Release|Any CPU.ActiveCfg = Release|Any CPU
		{823E2BB0-55FC-49F6-81E4-5EA8FE5BCE2E}.Release|Any CPU.Build.0 = Release|Any CPU
		{823E2BB0-55FC-49F6-81E4-5EA8FE5BCE2E}.Release|ARM.ActiveCfg = Release|Any CPU
		{823E2BB0-55FC-49F6-81E4-5EA8FE5BCE2E}.Release|ARM.Build.0 = Release|Any CPU
		{823E2BB0-55FC-49F6-81E4-5EA8FE5BCE2E}.Release|iPhone.ActiveCfg = Release|Any CPU
		{823E2BB0-55FC-49F6-81E4-5EA8FE5BCE2E}.Release|iPhone.Build.0 = Release|Any CPU
		{823E2BB0-55FC-49F6-81E4-5EA8FE5BCE2E}.Release|iPhoneSimulator.ActiveCfg = Release|Any CPU
		{823E2BB0-55FC-49F6-81E4-5EA8FE5BCE2E}.Release|iPhoneSimulator.Build.0 = Release|Any CPU
		{823E2BB0-55FC-49F6-81E4-5EA8FE5BCE2E}.Release|x64.ActiveCfg = Release|Any CPU
		{823E2BB0-55FC-49F6-81E4-5EA8FE5BCE2E}.Release|x64.Build.0 = Release|Any CPU
		{823E2BB0-55FC-49F6-81E4-5EA8FE5BCE2E}.Release|x86.ActiveCfg = Release|Any CPU
		{823E2BB0-55FC-49F6-81E4-5EA8FE5BCE2E}.Release|x86.Build.0 = Release|Any CPU
		{F1959AD9-FD44-42E2-908A-BE08C62FE483}.Ad-Hoc|Any CPU.ActiveCfg = Release|Any CPU
		{F1959AD9-FD44-42E2-908A-BE08C62FE483}.Ad-Hoc|Any CPU.Build.0 = Release|Any CPU
		{F1959AD9-FD44-42E2-908A-BE08C62FE483}.Ad-Hoc|ARM.ActiveCfg = Release|Any CPU
		{F1959AD9-FD44-42E2-908A-BE08C62FE483}.Ad-Hoc|ARM.Build.0 = Release|Any CPU
		{F1959AD9-FD44-42E2-908A-BE08C62FE483}.Ad-Hoc|iPhone.ActiveCfg = Release|Any CPU
		{F1959AD9-FD44-42E2-908A-BE08C62FE483}.Ad-Hoc|iPhone.Build.0 = Release|Any CPU
		{F1959AD9-FD44-42E2-908A-BE08C62FE483}.Ad-Hoc|iPhoneSimulator.ActiveCfg = Release|Any CPU
		{F1959AD9-FD44-42E2-908A-BE08C62FE483}.Ad-Hoc|iPhoneSimulator.Build.0 = Release|Any CPU
		{F1959AD9-FD44-42E2-908A-BE08C62FE483}.Ad-Hoc|x64.ActiveCfg = Release|Any CPU
		{F1959AD9-FD44-42E2-908A-BE08C62FE483}.Ad-Hoc|x64.Build.0 = Release|Any CPU
		{F1959AD9-FD44-42E2-908A-BE08C62FE483}.Ad-Hoc|x86.ActiveCfg = Release|Any CPU
		{F1959AD9-FD44-42E2-908A-BE08C62FE483}.Ad-Hoc|x86.Build.0 = Release|Any CPU
		{F1959AD9-FD44-42E2-908A-BE08C62FE483}.AppStore|Any CPU.ActiveCfg = Release|Any CPU
		{F1959AD9-FD44-42E2-908A-BE08C62FE483}.AppStore|Any CPU.Build.0 = Release|Any CPU
		{F1959AD9-FD44-42E2-908A-BE08C62FE483}.AppStore|ARM.ActiveCfg = Release|Any CPU
		{F1959AD9-FD44-42E2-908A-BE08C62FE483}.AppStore|ARM.Build.0 = Release|Any CPU
		{F1959AD9-FD44-42E2-908A-BE08C62FE483}.AppStore|iPhone.ActiveCfg = Release|Any CPU
		{F1959AD9-FD44-42E2-908A-BE08C62FE483}.AppStore|iPhone.Build.0 = Release|Any CPU
		{F1959AD9-FD44-42E2-908A-BE08C62FE483}.AppStore|iPhoneSimulator.ActiveCfg = Release|Any CPU
		{F1959AD9-FD44-42E2-908A-BE08C62FE483}.AppStore|iPhoneSimulator.Build.0 = Release|Any CPU
		{F1959AD9-FD44-42E2-908A-BE08C62FE483}.AppStore|x64.ActiveCfg = Release|Any CPU
		{F1959AD9-FD44-42E2-908A-BE08C62FE483}.AppStore|x64.Build.0 = Release|Any CPU
		{F1959AD9-FD44-42E2-908A-BE08C62FE483}.AppStore|x86.ActiveCfg = Release|Any CPU
		{F1959AD9-FD44-42E2-908A-BE08C62FE483}.AppStore|x86.Build.0 = Release|Any CPU
		{F1959AD9-FD44-42E2-908A-BE08C62FE483}.Debug|Any CPU.ActiveCfg = Debug|Any CPU
		{F1959AD9-FD44-42E2-908A-BE08C62FE483}.Debug|Any CPU.Build.0 = Debug|Any CPU
		{F1959AD9-FD44-42E2-908A-BE08C62FE483}.Debug|ARM.ActiveCfg = Debug|Any CPU
		{F1959AD9-FD44-42E2-908A-BE08C62FE483}.Debug|ARM.Build.0 = Debug|Any CPU
		{F1959AD9-FD44-42E2-908A-BE08C62FE483}.Debug|iPhone.ActiveCfg = Debug|Any CPU
		{F1959AD9-FD44-42E2-908A-BE08C62FE483}.Debug|iPhone.Build.0 = Debug|Any CPU
		{F1959AD9-FD44-42E2-908A-BE08C62FE483}.Debug|iPhoneSimulator.ActiveCfg = Debug|Any CPU
		{F1959AD9-FD44-42E2-908A-BE08C62FE483}.Debug|iPhoneSimulator.Build.0 = Debug|Any CPU
		{F1959AD9-FD44-42E2-908A-BE08C62FE483}.Debug|x64.ActiveCfg = Debug|Any CPU
		{F1959AD9-FD44-42E2-908A-BE08C62FE483}.Debug|x64.Build.0 = Debug|Any CPU
		{F1959AD9-FD44-42E2-908A-BE08C62FE483}.Debug|x86.ActiveCfg = Debug|Any CPU
		{F1959AD9-FD44-42E2-908A-BE08C62FE483}.Debug|x86.Build.0 = Debug|Any CPU
		{F1959AD9-FD44-42E2-908A-BE08C62FE483}.Release|Any CPU.ActiveCfg = Release|Any CPU
		{F1959AD9-FD44-42E2-908A-BE08C62FE483}.Release|Any CPU.Build.0 = Release|Any CPU
		{F1959AD9-FD44-42E2-908A-BE08C62FE483}.Release|ARM.ActiveCfg = Release|Any CPU
		{F1959AD9-FD44-42E2-908A-BE08C62FE483}.Release|ARM.Build.0 = Release|Any CPU
		{F1959AD9-FD44-42E2-908A-BE08C62FE483}.Release|iPhone.ActiveCfg = Release|Any CPU
		{F1959AD9-FD44-42E2-908A-BE08C62FE483}.Release|iPhone.Build.0 = Release|Any CPU
		{F1959AD9-FD44-42E2-908A-BE08C62FE483}.Release|iPhoneSimulator.ActiveCfg = Release|Any CPU
		{F1959AD9-FD44-42E2-908A-BE08C62FE483}.Release|iPhoneSimulator.Build.0 = Release|Any CPU
		{F1959AD9-FD44-42E2-908A-BE08C62FE483}.Release|x64.ActiveCfg = Release|Any CPU
		{F1959AD9-FD44-42E2-908A-BE08C62FE483}.Release|x64.Build.0 = Release|Any CPU
		{F1959AD9-FD44-42E2-908A-BE08C62FE483}.Release|x86.ActiveCfg = Release|Any CPU
		{F1959AD9-FD44-42E2-908A-BE08C62FE483}.Release|x86.Build.0 = Release|Any CPU
		{451932C8-F9B0-4A48-888A-1536913EE013}.Ad-Hoc|Any CPU.ActiveCfg = Release|Any CPU
		{451932C8-F9B0-4A48-888A-1536913EE013}.Ad-Hoc|Any CPU.Build.0 = Release|Any CPU
		{451932C8-F9B0-4A48-888A-1536913EE013}.Ad-Hoc|ARM.ActiveCfg = Release|Any CPU
		{451932C8-F9B0-4A48-888A-1536913EE013}.Ad-Hoc|ARM.Build.0 = Release|Any CPU
		{451932C8-F9B0-4A48-888A-1536913EE013}.Ad-Hoc|iPhone.ActiveCfg = Release|Any CPU
		{451932C8-F9B0-4A48-888A-1536913EE013}.Ad-Hoc|iPhone.Build.0 = Release|Any CPU
		{451932C8-F9B0-4A48-888A-1536913EE013}.Ad-Hoc|iPhoneSimulator.ActiveCfg = Release|Any CPU
		{451932C8-F9B0-4A48-888A-1536913EE013}.Ad-Hoc|iPhoneSimulator.Build.0 = Release|Any CPU
		{451932C8-F9B0-4A48-888A-1536913EE013}.Ad-Hoc|x64.ActiveCfg = Release|Any CPU
		{451932C8-F9B0-4A48-888A-1536913EE013}.Ad-Hoc|x64.Build.0 = Release|Any CPU
		{451932C8-F9B0-4A48-888A-1536913EE013}.Ad-Hoc|x86.ActiveCfg = Release|Any CPU
		{451932C8-F9B0-4A48-888A-1536913EE013}.Ad-Hoc|x86.Build.0 = Release|Any CPU
		{451932C8-F9B0-4A48-888A-1536913EE013}.AppStore|Any CPU.ActiveCfg = Release|Any CPU
		{451932C8-F9B0-4A48-888A-1536913EE013}.AppStore|Any CPU.Build.0 = Release|Any CPU
		{451932C8-F9B0-4A48-888A-1536913EE013}.AppStore|ARM.ActiveCfg = Release|Any CPU
		{451932C8-F9B0-4A48-888A-1536913EE013}.AppStore|ARM.Build.0 = Release|Any CPU
		{451932C8-F9B0-4A48-888A-1536913EE013}.AppStore|iPhone.ActiveCfg = Release|Any CPU
		{451932C8-F9B0-4A48-888A-1536913EE013}.AppStore|iPhone.Build.0 = Release|Any CPU
		{451932C8-F9B0-4A48-888A-1536913EE013}.AppStore|iPhoneSimulator.ActiveCfg = Release|Any CPU
		{451932C8-F9B0-4A48-888A-1536913EE013}.AppStore|iPhoneSimulator.Build.0 = Release|Any CPU
		{451932C8-F9B0-4A48-888A-1536913EE013}.AppStore|x64.ActiveCfg = Release|Any CPU
		{451932C8-F9B0-4A48-888A-1536913EE013}.AppStore|x64.Build.0 = Release|Any CPU
		{451932C8-F9B0-4A48-888A-1536913EE013}.AppStore|x86.ActiveCfg = Release|Any CPU
		{451932C8-F9B0-4A48-888A-1536913EE013}.AppStore|x86.Build.0 = Release|Any CPU
		{451932C8-F9B0-4A48-888A-1536913EE013}.Debug|Any CPU.ActiveCfg = Debug|Any CPU
		{451932C8-F9B0-4A48-888A-1536913EE013}.Debug|Any CPU.Build.0 = Debug|Any CPU
		{451932C8-F9B0-4A48-888A-1536913EE013}.Debug|ARM.ActiveCfg = Debug|Any CPU
		{451932C8-F9B0-4A48-888A-1536913EE013}.Debug|ARM.Build.0 = Debug|Any CPU
		{451932C8-F9B0-4A48-888A-1536913EE013}.Debug|iPhone.ActiveCfg = Debug|Any CPU
		{451932C8-F9B0-4A48-888A-1536913EE013}.Debug|iPhone.Build.0 = Debug|Any CPU
		{451932C8-F9B0-4A48-888A-1536913EE013}.Debug|iPhoneSimulator.ActiveCfg = Debug|Any CPU
		{451932C8-F9B0-4A48-888A-1536913EE013}.Debug|iPhoneSimulator.Build.0 = Debug|Any CPU
		{451932C8-F9B0-4A48-888A-1536913EE013}.Debug|x64.ActiveCfg = Debug|Any CPU
		{451932C8-F9B0-4A48-888A-1536913EE013}.Debug|x64.Build.0 = Debug|Any CPU
		{451932C8-F9B0-4A48-888A-1536913EE013}.Debug|x86.ActiveCfg = Debug|Any CPU
		{451932C8-F9B0-4A48-888A-1536913EE013}.Debug|x86.Build.0 = Debug|Any CPU
		{451932C8-F9B0-4A48-888A-1536913EE013}.Release|Any CPU.ActiveCfg = Release|Any CPU
		{451932C8-F9B0-4A48-888A-1536913EE013}.Release|Any CPU.Build.0 = Release|Any CPU
		{451932C8-F9B0-4A48-888A-1536913EE013}.Release|ARM.ActiveCfg = Release|Any CPU
		{451932C8-F9B0-4A48-888A-1536913EE013}.Release|ARM.Build.0 = Release|Any CPU
		{451932C8-F9B0-4A48-888A-1536913EE013}.Release|iPhone.ActiveCfg = Release|Any CPU
		{451932C8-F9B0-4A48-888A-1536913EE013}.Release|iPhone.Build.0 = Release|Any CPU
		{451932C8-F9B0-4A48-888A-1536913EE013}.Release|iPhoneSimulator.ActiveCfg = Release|Any CPU
		{451932C8-F9B0-4A48-888A-1536913EE013}.Release|iPhoneSimulator.Build.0 = Release|Any CPU
		{451932C8-F9B0-4A48-888A-1536913EE013}.Release|x64.ActiveCfg = Release|Any CPU
		{451932C8-F9B0-4A48-888A-1536913EE013}.Release|x64.Build.0 = Release|Any CPU
		{451932C8-F9B0-4A48-888A-1536913EE013}.Release|x86.ActiveCfg = Release|Any CPU
		{451932C8-F9B0-4A48-888A-1536913EE013}.Release|x86.Build.0 = Release|Any CPU
		{8CB2EA51-06D1-497F-B2C2-F21339574F84}.Ad-Hoc|Any CPU.ActiveCfg = Release|Any CPU
		{8CB2EA51-06D1-497F-B2C2-F21339574F84}.Ad-Hoc|Any CPU.Build.0 = Release|Any CPU
		{8CB2EA51-06D1-497F-B2C2-F21339574F84}.Ad-Hoc|ARM.ActiveCfg = Release|Any CPU
		{8CB2EA51-06D1-497F-B2C2-F21339574F84}.Ad-Hoc|ARM.Build.0 = Release|Any CPU
		{8CB2EA51-06D1-497F-B2C2-F21339574F84}.Ad-Hoc|iPhone.ActiveCfg = Release|Any CPU
		{8CB2EA51-06D1-497F-B2C2-F21339574F84}.Ad-Hoc|iPhone.Build.0 = Release|Any CPU
		{8CB2EA51-06D1-497F-B2C2-F21339574F84}.Ad-Hoc|iPhoneSimulator.ActiveCfg = Release|Any CPU
		{8CB2EA51-06D1-497F-B2C2-F21339574F84}.Ad-Hoc|iPhoneSimulator.Build.0 = Release|Any CPU
		{8CB2EA51-06D1-497F-B2C2-F21339574F84}.Ad-Hoc|x64.ActiveCfg = Release|Any CPU
		{8CB2EA51-06D1-497F-B2C2-F21339574F84}.Ad-Hoc|x64.Build.0 = Release|Any CPU
		{8CB2EA51-06D1-497F-B2C2-F21339574F84}.Ad-Hoc|x86.ActiveCfg = Release|Any CPU
		{8CB2EA51-06D1-497F-B2C2-F21339574F84}.Ad-Hoc|x86.Build.0 = Release|Any CPU
		{8CB2EA51-06D1-497F-B2C2-F21339574F84}.AppStore|Any CPU.ActiveCfg = Release|Any CPU
		{8CB2EA51-06D1-497F-B2C2-F21339574F84}.AppStore|Any CPU.Build.0 = Release|Any CPU
		{8CB2EA51-06D1-497F-B2C2-F21339574F84}.AppStore|ARM.ActiveCfg = Release|Any CPU
		{8CB2EA51-06D1-497F-B2C2-F21339574F84}.AppStore|ARM.Build.0 = Release|Any CPU
		{8CB2EA51-06D1-497F-B2C2-F21339574F84}.AppStore|iPhone.ActiveCfg = Release|Any CPU
		{8CB2EA51-06D1-497F-B2C2-F21339574F84}.AppStore|iPhone.Build.0 = Release|Any CPU
		{8CB2EA51-06D1-497F-B2C2-F21339574F84}.AppStore|iPhoneSimulator.ActiveCfg = Release|Any CPU
		{8CB2EA51-06D1-497F-B2C2-F21339574F84}.AppStore|iPhoneSimulator.Build.0 = Release|Any CPU
		{8CB2EA51-06D1-497F-B2C2-F21339574F84}.AppStore|x64.ActiveCfg = Release|Any CPU
		{8CB2EA51-06D1-497F-B2C2-F21339574F84}.AppStore|x64.Build.0 = Release|Any CPU
		{8CB2EA51-06D1-497F-B2C2-F21339574F84}.AppStore|x86.ActiveCfg = Release|Any CPU
		{8CB2EA51-06D1-497F-B2C2-F21339574F84}.AppStore|x86.Build.0 = Release|Any CPU
		{8CB2EA51-06D1-497F-B2C2-F21339574F84}.Debug|Any CPU.ActiveCfg = Debug|Any CPU
		{8CB2EA51-06D1-497F-B2C2-F21339574F84}.Debug|Any CPU.Build.0 = Debug|Any CPU
		{8CB2EA51-06D1-497F-B2C2-F21339574F84}.Debug|ARM.ActiveCfg = Debug|Any CPU
		{8CB2EA51-06D1-497F-B2C2-F21339574F84}.Debug|ARM.Build.0 = Debug|Any CPU
		{8CB2EA51-06D1-497F-B2C2-F21339574F84}.Debug|iPhone.ActiveCfg = Debug|Any CPU
		{8CB2EA51-06D1-497F-B2C2-F21339574F84}.Debug|iPhone.Build.0 = Debug|Any CPU
		{8CB2EA51-06D1-497F-B2C2-F21339574F84}.Debug|iPhoneSimulator.ActiveCfg = Debug|Any CPU
		{8CB2EA51-06D1-497F-B2C2-F21339574F84}.Debug|iPhoneSimulator.Build.0 = Debug|Any CPU
		{8CB2EA51-06D1-497F-B2C2-F21339574F84}.Debug|x64.ActiveCfg = Debug|Any CPU
		{8CB2EA51-06D1-497F-B2C2-F21339574F84}.Debug|x64.Build.0 = Debug|Any CPU
		{8CB2EA51-06D1-497F-B2C2-F21339574F84}.Debug|x86.ActiveCfg = Debug|Any CPU
		{8CB2EA51-06D1-497F-B2C2-F21339574F84}.Debug|x86.Build.0 = Debug|Any CPU
		{8CB2EA51-06D1-497F-B2C2-F21339574F84}.Release|Any CPU.ActiveCfg = Release|Any CPU
		{8CB2EA51-06D1-497F-B2C2-F21339574F84}.Release|Any CPU.Build.0 = Release|Any CPU
		{8CB2EA51-06D1-497F-B2C2-F21339574F84}.Release|ARM.ActiveCfg = Release|Any CPU
		{8CB2EA51-06D1-497F-B2C2-F21339574F84}.Release|ARM.Build.0 = Release|Any CPU
		{8CB2EA51-06D1-497F-B2C2-F21339574F84}.Release|iPhone.ActiveCfg = Release|Any CPU
		{8CB2EA51-06D1-497F-B2C2-F21339574F84}.Release|iPhone.Build.0 = Release|Any CPU
		{8CB2EA51-06D1-497F-B2C2-F21339574F84}.Release|iPhoneSimulator.ActiveCfg = Release|Any CPU
		{8CB2EA51-06D1-497F-B2C2-F21339574F84}.Release|iPhoneSimulator.Build.0 = Release|Any CPU
		{8CB2EA51-06D1-497F-B2C2-F21339574F84}.Release|x64.ActiveCfg = Release|Any CPU
		{8CB2EA51-06D1-497F-B2C2-F21339574F84}.Release|x64.Build.0 = Release|Any CPU
		{8CB2EA51-06D1-497F-B2C2-F21339574F84}.Release|x86.ActiveCfg = Release|Any CPU
		{8CB2EA51-06D1-497F-B2C2-F21339574F84}.Release|x86.Build.0 = Release|Any CPU
		{E19FFEDB-DB1F-4088-B41A-CFE14089E485}.Ad-Hoc|Any CPU.ActiveCfg = Release|Any CPU
		{E19FFEDB-DB1F-4088-B41A-CFE14089E485}.Ad-Hoc|Any CPU.Build.0 = Release|Any CPU
		{E19FFEDB-DB1F-4088-B41A-CFE14089E485}.Ad-Hoc|ARM.ActiveCfg = Release|Any CPU
		{E19FFEDB-DB1F-4088-B41A-CFE14089E485}.Ad-Hoc|ARM.Build.0 = Release|Any CPU
		{E19FFEDB-DB1F-4088-B41A-CFE14089E485}.Ad-Hoc|iPhone.ActiveCfg = Release|Any CPU
		{E19FFEDB-DB1F-4088-B41A-CFE14089E485}.Ad-Hoc|iPhone.Build.0 = Release|Any CPU
		{E19FFEDB-DB1F-4088-B41A-CFE14089E485}.Ad-Hoc|iPhoneSimulator.ActiveCfg = Release|Any CPU
		{E19FFEDB-DB1F-4088-B41A-CFE14089E485}.Ad-Hoc|iPhoneSimulator.Build.0 = Release|Any CPU
		{E19FFEDB-DB1F-4088-B41A-CFE14089E485}.Ad-Hoc|x64.ActiveCfg = Release|Any CPU
		{E19FFEDB-DB1F-4088-B41A-CFE14089E485}.Ad-Hoc|x64.Build.0 = Release|Any CPU
		{E19FFEDB-DB1F-4088-B41A-CFE14089E485}.Ad-Hoc|x86.ActiveCfg = Release|Any CPU
		{E19FFEDB-DB1F-4088-B41A-CFE14089E485}.Ad-Hoc|x86.Build.0 = Release|Any CPU
		{E19FFEDB-DB1F-4088-B41A-CFE14089E485}.AppStore|Any CPU.ActiveCfg = Release|Any CPU
		{E19FFEDB-DB1F-4088-B41A-CFE14089E485}.AppStore|Any CPU.Build.0 = Release|Any CPU
		{E19FFEDB-DB1F-4088-B41A-CFE14089E485}.AppStore|ARM.ActiveCfg = Release|Any CPU
		{E19FFEDB-DB1F-4088-B41A-CFE14089E485}.AppStore|ARM.Build.0 = Release|Any CPU
		{E19FFEDB-DB1F-4088-B41A-CFE14089E485}.AppStore|iPhone.ActiveCfg = Release|Any CPU
		{E19FFEDB-DB1F-4088-B41A-CFE14089E485}.AppStore|iPhone.Build.0 = Release|Any CPU
		{E19FFEDB-DB1F-4088-B41A-CFE14089E485}.AppStore|iPhoneSimulator.ActiveCfg = Release|Any CPU
		{E19FFEDB-DB1F-4088-B41A-CFE14089E485}.AppStore|iPhoneSimulator.Build.0 = Release|Any CPU
		{E19FFEDB-DB1F-4088-B41A-CFE14089E485}.AppStore|x64.ActiveCfg = Release|Any CPU
		{E19FFEDB-DB1F-4088-B41A-CFE14089E485}.AppStore|x64.Build.0 = Release|Any CPU
		{E19FFEDB-DB1F-4088-B41A-CFE14089E485}.AppStore|x86.ActiveCfg = Release|Any CPU
		{E19FFEDB-DB1F-4088-B41A-CFE14089E485}.AppStore|x86.Build.0 = Release|Any CPU
		{E19FFEDB-DB1F-4088-B41A-CFE14089E485}.Debug|Any CPU.ActiveCfg = Debug|Any CPU
		{E19FFEDB-DB1F-4088-B41A-CFE14089E485}.Debug|Any CPU.Build.0 = Debug|Any CPU
		{E19FFEDB-DB1F-4088-B41A-CFE14089E485}.Debug|ARM.ActiveCfg = Debug|Any CPU
		{E19FFEDB-DB1F-4088-B41A-CFE14089E485}.Debug|ARM.Build.0 = Debug|Any CPU
		{E19FFEDB-DB1F-4088-B41A-CFE14089E485}.Debug|iPhone.ActiveCfg = Debug|Any CPU
		{E19FFEDB-DB1F-4088-B41A-CFE14089E485}.Debug|iPhone.Build.0 = Debug|Any CPU
		{E19FFEDB-DB1F-4088-B41A-CFE14089E485}.Debug|iPhoneSimulator.ActiveCfg = Debug|Any CPU
		{E19FFEDB-DB1F-4088-B41A-CFE14089E485}.Debug|iPhoneSimulator.Build.0 = Debug|Any CPU
		{E19FFEDB-DB1F-4088-B41A-CFE14089E485}.Debug|x64.ActiveCfg = Debug|Any CPU
		{E19FFEDB-DB1F-4088-B41A-CFE14089E485}.Debug|x64.Build.0 = Debug|Any CPU
		{E19FFEDB-DB1F-4088-B41A-CFE14089E485}.Debug|x86.ActiveCfg = Debug|Any CPU
		{E19FFEDB-DB1F-4088-B41A-CFE14089E485}.Debug|x86.Build.0 = Debug|Any CPU
		{E19FFEDB-DB1F-4088-B41A-CFE14089E485}.Release|Any CPU.ActiveCfg = Release|Any CPU
		{E19FFEDB-DB1F-4088-B41A-CFE14089E485}.Release|Any CPU.Build.0 = Release|Any CPU
		{E19FFEDB-DB1F-4088-B41A-CFE14089E485}.Release|ARM.ActiveCfg = Release|Any CPU
		{E19FFEDB-DB1F-4088-B41A-CFE14089E485}.Release|ARM.Build.0 = Release|Any CPU
		{E19FFEDB-DB1F-4088-B41A-CFE14089E485}.Release|iPhone.ActiveCfg = Release|Any CPU
		{E19FFEDB-DB1F-4088-B41A-CFE14089E485}.Release|iPhone.Build.0 = Release|Any CPU
		{E19FFEDB-DB1F-4088-B41A-CFE14089E485}.Release|iPhoneSimulator.ActiveCfg = Release|Any CPU
		{E19FFEDB-DB1F-4088-B41A-CFE14089E485}.Release|iPhoneSimulator.Build.0 = Release|Any CPU
		{E19FFEDB-DB1F-4088-B41A-CFE14089E485}.Release|x64.ActiveCfg = Release|Any CPU
		{E19FFEDB-DB1F-4088-B41A-CFE14089E485}.Release|x64.Build.0 = Release|Any CPU
		{E19FFEDB-DB1F-4088-B41A-CFE14089E485}.Release|x86.ActiveCfg = Release|Any CPU
		{E19FFEDB-DB1F-4088-B41A-CFE14089E485}.Release|x86.Build.0 = Release|Any CPU
		{C02F8D45-A945-4586-9AE7-C101C39FA550}.Ad-Hoc|Any CPU.ActiveCfg = Release|Any CPU
		{C02F8D45-A945-4586-9AE7-C101C39FA550}.Ad-Hoc|Any CPU.Build.0 = Release|Any CPU
		{C02F8D45-A945-4586-9AE7-C101C39FA550}.Ad-Hoc|ARM.ActiveCfg = Release|Any CPU
		{C02F8D45-A945-4586-9AE7-C101C39FA550}.Ad-Hoc|ARM.Build.0 = Release|Any CPU
		{C02F8D45-A945-4586-9AE7-C101C39FA550}.Ad-Hoc|iPhone.ActiveCfg = Release|Any CPU
		{C02F8D45-A945-4586-9AE7-C101C39FA550}.Ad-Hoc|iPhone.Build.0 = Release|Any CPU
		{C02F8D45-A945-4586-9AE7-C101C39FA550}.Ad-Hoc|iPhoneSimulator.ActiveCfg = Release|Any CPU
		{C02F8D45-A945-4586-9AE7-C101C39FA550}.Ad-Hoc|iPhoneSimulator.Build.0 = Release|Any CPU
		{C02F8D45-A945-4586-9AE7-C101C39FA550}.Ad-Hoc|x64.ActiveCfg = Release|Any CPU
		{C02F8D45-A945-4586-9AE7-C101C39FA550}.Ad-Hoc|x64.Build.0 = Release|Any CPU
		{C02F8D45-A945-4586-9AE7-C101C39FA550}.Ad-Hoc|x86.ActiveCfg = Release|Any CPU
		{C02F8D45-A945-4586-9AE7-C101C39FA550}.Ad-Hoc|x86.Build.0 = Release|Any CPU
		{C02F8D45-A945-4586-9AE7-C101C39FA550}.AppStore|Any CPU.ActiveCfg = Release|Any CPU
		{C02F8D45-A945-4586-9AE7-C101C39FA550}.AppStore|Any CPU.Build.0 = Release|Any CPU
		{C02F8D45-A945-4586-9AE7-C101C39FA550}.AppStore|ARM.ActiveCfg = Release|Any CPU
		{C02F8D45-A945-4586-9AE7-C101C39FA550}.AppStore|ARM.Build.0 = Release|Any CPU
		{C02F8D45-A945-4586-9AE7-C101C39FA550}.AppStore|iPhone.ActiveCfg = Release|Any CPU
		{C02F8D45-A945-4586-9AE7-C101C39FA550}.AppStore|iPhone.Build.0 = Release|Any CPU
		{C02F8D45-A945-4586-9AE7-C101C39FA550}.AppStore|iPhoneSimulator.ActiveCfg = Release|Any CPU
		{C02F8D45-A945-4586-9AE7-C101C39FA550}.AppStore|iPhoneSimulator.Build.0 = Release|Any CPU
		{C02F8D45-A945-4586-9AE7-C101C39FA550}.AppStore|x64.ActiveCfg = Release|Any CPU
		{C02F8D45-A945-4586-9AE7-C101C39FA550}.AppStore|x64.Build.0 = Release|Any CPU
		{C02F8D45-A945-4586-9AE7-C101C39FA550}.AppStore|x86.ActiveCfg = Release|Any CPU
		{C02F8D45-A945-4586-9AE7-C101C39FA550}.AppStore|x86.Build.0 = Release|Any CPU
		{C02F8D45-A945-4586-9AE7-C101C39FA550}.Debug|Any CPU.ActiveCfg = Debug|Any CPU
		{C02F8D45-A945-4586-9AE7-C101C39FA550}.Debug|Any CPU.Build.0 = Debug|Any CPU
		{C02F8D45-A945-4586-9AE7-C101C39FA550}.Debug|ARM.ActiveCfg = Debug|Any CPU
		{C02F8D45-A945-4586-9AE7-C101C39FA550}.Debug|ARM.Build.0 = Debug|Any CPU
		{C02F8D45-A945-4586-9AE7-C101C39FA550}.Debug|iPhone.ActiveCfg = Debug|Any CPU
		{C02F8D45-A945-4586-9AE7-C101C39FA550}.Debug|iPhone.Build.0 = Debug|Any CPU
		{C02F8D45-A945-4586-9AE7-C101C39FA550}.Debug|iPhoneSimulator.ActiveCfg = Debug|Any CPU
		{C02F8D45-A945-4586-9AE7-C101C39FA550}.Debug|iPhoneSimulator.Build.0 = Debug|Any CPU
		{C02F8D45-A945-4586-9AE7-C101C39FA550}.Debug|x64.ActiveCfg = Debug|Any CPU
		{C02F8D45-A945-4586-9AE7-C101C39FA550}.Debug|x64.Build.0 = Debug|Any CPU
		{C02F8D45-A945-4586-9AE7-C101C39FA550}.Debug|x86.ActiveCfg = Debug|Any CPU
		{C02F8D45-A945-4586-9AE7-C101C39FA550}.Debug|x86.Build.0 = Debug|Any CPU
		{C02F8D45-A945-4586-9AE7-C101C39FA550}.Release|Any CPU.ActiveCfg = Release|Any CPU
		{C02F8D45-A945-4586-9AE7-C101C39FA550}.Release|Any CPU.Build.0 = Release|Any CPU
		{C02F8D45-A945-4586-9AE7-C101C39FA550}.Release|ARM.ActiveCfg = Release|Any CPU
		{C02F8D45-A945-4586-9AE7-C101C39FA550}.Release|ARM.Build.0 = Release|Any CPU
		{C02F8D45-A945-4586-9AE7-C101C39FA550}.Release|iPhone.ActiveCfg = Release|Any CPU
		{C02F8D45-A945-4586-9AE7-C101C39FA550}.Release|iPhone.Build.0 = Release|Any CPU
		{C02F8D45-A945-4586-9AE7-C101C39FA550}.Release|iPhoneSimulator.ActiveCfg = Release|Any CPU
		{C02F8D45-A945-4586-9AE7-C101C39FA550}.Release|iPhoneSimulator.Build.0 = Release|Any CPU
		{C02F8D45-A945-4586-9AE7-C101C39FA550}.Release|x64.ActiveCfg = Release|Any CPU
		{C02F8D45-A945-4586-9AE7-C101C39FA550}.Release|x64.Build.0 = Release|Any CPU
		{C02F8D45-A945-4586-9AE7-C101C39FA550}.Release|x86.ActiveCfg = Release|Any CPU
		{C02F8D45-A945-4586-9AE7-C101C39FA550}.Release|x86.Build.0 = Release|Any CPU
		{30FF8485-30EB-4124-8E84-F59589028251}.Ad-Hoc|Any CPU.ActiveCfg = Release|Any CPU
		{30FF8485-30EB-4124-8E84-F59589028251}.Ad-Hoc|Any CPU.Build.0 = Release|Any CPU
		{30FF8485-30EB-4124-8E84-F59589028251}.Ad-Hoc|ARM.ActiveCfg = Release|Any CPU
		{30FF8485-30EB-4124-8E84-F59589028251}.Ad-Hoc|ARM.Build.0 = Release|Any CPU
		{30FF8485-30EB-4124-8E84-F59589028251}.Ad-Hoc|iPhone.ActiveCfg = Release|Any CPU
		{30FF8485-30EB-4124-8E84-F59589028251}.Ad-Hoc|iPhone.Build.0 = Release|Any CPU
		{30FF8485-30EB-4124-8E84-F59589028251}.Ad-Hoc|iPhoneSimulator.ActiveCfg = Release|Any CPU
		{30FF8485-30EB-4124-8E84-F59589028251}.Ad-Hoc|iPhoneSimulator.Build.0 = Release|Any CPU
		{30FF8485-30EB-4124-8E84-F59589028251}.Ad-Hoc|x64.ActiveCfg = Release|Any CPU
		{30FF8485-30EB-4124-8E84-F59589028251}.Ad-Hoc|x64.Build.0 = Release|Any CPU
		{30FF8485-30EB-4124-8E84-F59589028251}.Ad-Hoc|x86.ActiveCfg = Release|Any CPU
		{30FF8485-30EB-4124-8E84-F59589028251}.Ad-Hoc|x86.Build.0 = Release|Any CPU
		{30FF8485-30EB-4124-8E84-F59589028251}.AppStore|Any CPU.ActiveCfg = Release|Any CPU
		{30FF8485-30EB-4124-8E84-F59589028251}.AppStore|Any CPU.Build.0 = Release|Any CPU
		{30FF8485-30EB-4124-8E84-F59589028251}.AppStore|ARM.ActiveCfg = Release|Any CPU
		{30FF8485-30EB-4124-8E84-F59589028251}.AppStore|ARM.Build.0 = Release|Any CPU
		{30FF8485-30EB-4124-8E84-F59589028251}.AppStore|iPhone.ActiveCfg = Release|Any CPU
		{30FF8485-30EB-4124-8E84-F59589028251}.AppStore|iPhone.Build.0 = Release|Any CPU
		{30FF8485-30EB-4124-8E84-F59589028251}.AppStore|iPhoneSimulator.ActiveCfg = Release|Any CPU
		{30FF8485-30EB-4124-8E84-F59589028251}.AppStore|iPhoneSimulator.Build.0 = Release|Any CPU
		{30FF8485-30EB-4124-8E84-F59589028251}.AppStore|x64.ActiveCfg = Release|Any CPU
		{30FF8485-30EB-4124-8E84-F59589028251}.AppStore|x64.Build.0 = Release|Any CPU
		{30FF8485-30EB-4124-8E84-F59589028251}.AppStore|x86.ActiveCfg = Release|Any CPU
		{30FF8485-30EB-4124-8E84-F59589028251}.AppStore|x86.Build.0 = Release|Any CPU
		{30FF8485-30EB-4124-8E84-F59589028251}.Debug|Any CPU.ActiveCfg = Debug|Any CPU
		{30FF8485-30EB-4124-8E84-F59589028251}.Debug|Any CPU.Build.0 = Debug|Any CPU
		{30FF8485-30EB-4124-8E84-F59589028251}.Debug|ARM.ActiveCfg = Debug|Any CPU
		{30FF8485-30EB-4124-8E84-F59589028251}.Debug|ARM.Build.0 = Debug|Any CPU
		{30FF8485-30EB-4124-8E84-F59589028251}.Debug|iPhone.ActiveCfg = Debug|Any CPU
		{30FF8485-30EB-4124-8E84-F59589028251}.Debug|iPhone.Build.0 = Debug|Any CPU
		{30FF8485-30EB-4124-8E84-F59589028251}.Debug|iPhoneSimulator.ActiveCfg = Debug|Any CPU
		{30FF8485-30EB-4124-8E84-F59589028251}.Debug|iPhoneSimulator.Build.0 = Debug|Any CPU
		{30FF8485-30EB-4124-8E84-F59589028251}.Debug|x64.ActiveCfg = Debug|Any CPU
		{30FF8485-30EB-4124-8E84-F59589028251}.Debug|x64.Build.0 = Debug|Any CPU
		{30FF8485-30EB-4124-8E84-F59589028251}.Debug|x86.ActiveCfg = Debug|Any CPU
		{30FF8485-30EB-4124-8E84-F59589028251}.Debug|x86.Build.0 = Debug|Any CPU
		{30FF8485-30EB-4124-8E84-F59589028251}.Release|Any CPU.ActiveCfg = Release|Any CPU
		{30FF8485-30EB-4124-8E84-F59589028251}.Release|Any CPU.Build.0 = Release|Any CPU
		{30FF8485-30EB-4124-8E84-F59589028251}.Release|ARM.ActiveCfg = Release|Any CPU
		{30FF8485-30EB-4124-8E84-F59589028251}.Release|ARM.Build.0 = Release|Any CPU
		{30FF8485-30EB-4124-8E84-F59589028251}.Release|iPhone.ActiveCfg = Release|Any CPU
		{30FF8485-30EB-4124-8E84-F59589028251}.Release|iPhone.Build.0 = Release|Any CPU
		{30FF8485-30EB-4124-8E84-F59589028251}.Release|iPhoneSimulator.ActiveCfg = Release|Any CPU
		{30FF8485-30EB-4124-8E84-F59589028251}.Release|iPhoneSimulator.Build.0 = Release|Any CPU
		{30FF8485-30EB-4124-8E84-F59589028251}.Release|x64.ActiveCfg = Release|Any CPU
		{30FF8485-30EB-4124-8E84-F59589028251}.Release|x64.Build.0 = Release|Any CPU
		{30FF8485-30EB-4124-8E84-F59589028251}.Release|x86.ActiveCfg = Release|Any CPU
		{30FF8485-30EB-4124-8E84-F59589028251}.Release|x86.Build.0 = Release|Any CPU
		{1DF74B76-28EB-48CF-943C-92EAB365B793}.Ad-Hoc|Any CPU.ActiveCfg = Release|Any CPU
		{1DF74B76-28EB-48CF-943C-92EAB365B793}.Ad-Hoc|Any CPU.Build.0 = Release|Any CPU
		{1DF74B76-28EB-48CF-943C-92EAB365B793}.Ad-Hoc|ARM.ActiveCfg = Release|Any CPU
		{1DF74B76-28EB-48CF-943C-92EAB365B793}.Ad-Hoc|ARM.Build.0 = Release|Any CPU
		{1DF74B76-28EB-48CF-943C-92EAB365B793}.Ad-Hoc|iPhone.ActiveCfg = Release|Any CPU
		{1DF74B76-28EB-48CF-943C-92EAB365B793}.Ad-Hoc|iPhone.Build.0 = Release|Any CPU
		{1DF74B76-28EB-48CF-943C-92EAB365B793}.Ad-Hoc|iPhoneSimulator.ActiveCfg = Release|Any CPU
		{1DF74B76-28EB-48CF-943C-92EAB365B793}.Ad-Hoc|iPhoneSimulator.Build.0 = Release|Any CPU
		{1DF74B76-28EB-48CF-943C-92EAB365B793}.Ad-Hoc|x64.ActiveCfg = Release|Any CPU
		{1DF74B76-28EB-48CF-943C-92EAB365B793}.Ad-Hoc|x64.Build.0 = Release|Any CPU
		{1DF74B76-28EB-48CF-943C-92EAB365B793}.Ad-Hoc|x86.ActiveCfg = Release|Any CPU
		{1DF74B76-28EB-48CF-943C-92EAB365B793}.Ad-Hoc|x86.Build.0 = Release|Any CPU
		{1DF74B76-28EB-48CF-943C-92EAB365B793}.AppStore|Any CPU.ActiveCfg = Release|Any CPU
		{1DF74B76-28EB-48CF-943C-92EAB365B793}.AppStore|Any CPU.Build.0 = Release|Any CPU
		{1DF74B76-28EB-48CF-943C-92EAB365B793}.AppStore|ARM.ActiveCfg = Release|Any CPU
		{1DF74B76-28EB-48CF-943C-92EAB365B793}.AppStore|ARM.Build.0 = Release|Any CPU
		{1DF74B76-28EB-48CF-943C-92EAB365B793}.AppStore|iPhone.ActiveCfg = Release|Any CPU
		{1DF74B76-28EB-48CF-943C-92EAB365B793}.AppStore|iPhone.Build.0 = Release|Any CPU
		{1DF74B76-28EB-48CF-943C-92EAB365B793}.AppStore|iPhoneSimulator.ActiveCfg = Release|Any CPU
		{1DF74B76-28EB-48CF-943C-92EAB365B793}.AppStore|iPhoneSimulator.Build.0 = Release|Any CPU
		{1DF74B76-28EB-48CF-943C-92EAB365B793}.AppStore|x64.ActiveCfg = Release|Any CPU
		{1DF74B76-28EB-48CF-943C-92EAB365B793}.AppStore|x64.Build.0 = Release|Any CPU
		{1DF74B76-28EB-48CF-943C-92EAB365B793}.AppStore|x86.ActiveCfg = Release|Any CPU
		{1DF74B76-28EB-48CF-943C-92EAB365B793}.AppStore|x86.Build.0 = Release|Any CPU
		{1DF74B76-28EB-48CF-943C-92EAB365B793}.Debug|Any CPU.ActiveCfg = Debug|Any CPU
		{1DF74B76-28EB-48CF-943C-92EAB365B793}.Debug|Any CPU.Build.0 = Debug|Any CPU
		{1DF74B76-28EB-48CF-943C-92EAB365B793}.Debug|ARM.ActiveCfg = Debug|Any CPU
		{1DF74B76-28EB-48CF-943C-92EAB365B793}.Debug|ARM.Build.0 = Debug|Any CPU
		{1DF74B76-28EB-48CF-943C-92EAB365B793}.Debug|iPhone.ActiveCfg = Debug|Any CPU
		{1DF74B76-28EB-48CF-943C-92EAB365B793}.Debug|iPhone.Build.0 = Debug|Any CPU
		{1DF74B76-28EB-48CF-943C-92EAB365B793}.Debug|iPhoneSimulator.ActiveCfg = Debug|Any CPU
		{1DF74B76-28EB-48CF-943C-92EAB365B793}.Debug|iPhoneSimulator.Build.0 = Debug|Any CPU
		{1DF74B76-28EB-48CF-943C-92EAB365B793}.Debug|x64.ActiveCfg = Debug|Any CPU
		{1DF74B76-28EB-48CF-943C-92EAB365B793}.Debug|x64.Build.0 = Debug|Any CPU
		{1DF74B76-28EB-48CF-943C-92EAB365B793}.Debug|x86.ActiveCfg = Debug|Any CPU
		{1DF74B76-28EB-48CF-943C-92EAB365B793}.Debug|x86.Build.0 = Debug|Any CPU
		{1DF74B76-28EB-48CF-943C-92EAB365B793}.Release|Any CPU.ActiveCfg = Release|Any CPU
		{1DF74B76-28EB-48CF-943C-92EAB365B793}.Release|Any CPU.Build.0 = Release|Any CPU
		{1DF74B76-28EB-48CF-943C-92EAB365B793}.Release|ARM.ActiveCfg = Release|Any CPU
		{1DF74B76-28EB-48CF-943C-92EAB365B793}.Release|ARM.Build.0 = Release|Any CPU
		{1DF74B76-28EB-48CF-943C-92EAB365B793}.Release|iPhone.ActiveCfg = Release|Any CPU
		{1DF74B76-28EB-48CF-943C-92EAB365B793}.Release|iPhone.Build.0 = Release|Any CPU
		{1DF74B76-28EB-48CF-943C-92EAB365B793}.Release|iPhoneSimulator.ActiveCfg = Release|Any CPU
		{1DF74B76-28EB-48CF-943C-92EAB365B793}.Release|iPhoneSimulator.Build.0 = Release|Any CPU
		{1DF74B76-28EB-48CF-943C-92EAB365B793}.Release|x64.ActiveCfg = Release|Any CPU
		{1DF74B76-28EB-48CF-943C-92EAB365B793}.Release|x64.Build.0 = Release|Any CPU
		{1DF74B76-28EB-48CF-943C-92EAB365B793}.Release|x86.ActiveCfg = Release|Any CPU
		{1DF74B76-28EB-48CF-943C-92EAB365B793}.Release|x86.Build.0 = Release|Any CPU
		{11350FC5-7233-4257-9612-22B6F9A0D4F1}.Ad-Hoc|Any CPU.ActiveCfg = Release|Any CPU
		{11350FC5-7233-4257-9612-22B6F9A0D4F1}.Ad-Hoc|Any CPU.Build.0 = Release|Any CPU
		{11350FC5-7233-4257-9612-22B6F9A0D4F1}.Ad-Hoc|ARM.ActiveCfg = Release|Any CPU
		{11350FC5-7233-4257-9612-22B6F9A0D4F1}.Ad-Hoc|ARM.Build.0 = Release|Any CPU
		{11350FC5-7233-4257-9612-22B6F9A0D4F1}.Ad-Hoc|iPhone.ActiveCfg = Release|Any CPU
		{11350FC5-7233-4257-9612-22B6F9A0D4F1}.Ad-Hoc|iPhone.Build.0 = Release|Any CPU
		{11350FC5-7233-4257-9612-22B6F9A0D4F1}.Ad-Hoc|iPhoneSimulator.ActiveCfg = Release|Any CPU
		{11350FC5-7233-4257-9612-22B6F9A0D4F1}.Ad-Hoc|iPhoneSimulator.Build.0 = Release|Any CPU
		{11350FC5-7233-4257-9612-22B6F9A0D4F1}.Ad-Hoc|x64.ActiveCfg = Release|Any CPU
		{11350FC5-7233-4257-9612-22B6F9A0D4F1}.Ad-Hoc|x64.Build.0 = Release|Any CPU
		{11350FC5-7233-4257-9612-22B6F9A0D4F1}.Ad-Hoc|x86.ActiveCfg = Release|Any CPU
		{11350FC5-7233-4257-9612-22B6F9A0D4F1}.Ad-Hoc|x86.Build.0 = Release|Any CPU
		{11350FC5-7233-4257-9612-22B6F9A0D4F1}.AppStore|Any CPU.ActiveCfg = Release|Any CPU
		{11350FC5-7233-4257-9612-22B6F9A0D4F1}.AppStore|Any CPU.Build.0 = Release|Any CPU
		{11350FC5-7233-4257-9612-22B6F9A0D4F1}.AppStore|ARM.ActiveCfg = Release|Any CPU
		{11350FC5-7233-4257-9612-22B6F9A0D4F1}.AppStore|ARM.Build.0 = Release|Any CPU
		{11350FC5-7233-4257-9612-22B6F9A0D4F1}.AppStore|iPhone.ActiveCfg = Release|Any CPU
		{11350FC5-7233-4257-9612-22B6F9A0D4F1}.AppStore|iPhone.Build.0 = Release|Any CPU
		{11350FC5-7233-4257-9612-22B6F9A0D4F1}.AppStore|iPhoneSimulator.ActiveCfg = Release|Any CPU
		{11350FC5-7233-4257-9612-22B6F9A0D4F1}.AppStore|iPhoneSimulator.Build.0 = Release|Any CPU
		{11350FC5-7233-4257-9612-22B6F9A0D4F1}.AppStore|x64.ActiveCfg = Release|Any CPU
		{11350FC5-7233-4257-9612-22B6F9A0D4F1}.AppStore|x64.Build.0 = Release|Any CPU
		{11350FC5-7233-4257-9612-22B6F9A0D4F1}.AppStore|x86.ActiveCfg = Release|Any CPU
		{11350FC5-7233-4257-9612-22B6F9A0D4F1}.AppStore|x86.Build.0 = Release|Any CPU
		{11350FC5-7233-4257-9612-22B6F9A0D4F1}.Debug|Any CPU.ActiveCfg = Debug|Any CPU
		{11350FC5-7233-4257-9612-22B6F9A0D4F1}.Debug|Any CPU.Build.0 = Debug|Any CPU
		{11350FC5-7233-4257-9612-22B6F9A0D4F1}.Debug|ARM.ActiveCfg = Debug|Any CPU
		{11350FC5-7233-4257-9612-22B6F9A0D4F1}.Debug|ARM.Build.0 = Debug|Any CPU
		{11350FC5-7233-4257-9612-22B6F9A0D4F1}.Debug|iPhone.ActiveCfg = Debug|Any CPU
		{11350FC5-7233-4257-9612-22B6F9A0D4F1}.Debug|iPhone.Build.0 = Debug|Any CPU
		{11350FC5-7233-4257-9612-22B6F9A0D4F1}.Debug|iPhoneSimulator.ActiveCfg = Debug|Any CPU
		{11350FC5-7233-4257-9612-22B6F9A0D4F1}.Debug|iPhoneSimulator.Build.0 = Debug|Any CPU
		{11350FC5-7233-4257-9612-22B6F9A0D4F1}.Debug|x64.ActiveCfg = Debug|Any CPU
		{11350FC5-7233-4257-9612-22B6F9A0D4F1}.Debug|x64.Build.0 = Debug|Any CPU
		{11350FC5-7233-4257-9612-22B6F9A0D4F1}.Debug|x86.ActiveCfg = Debug|Any CPU
		{11350FC5-7233-4257-9612-22B6F9A0D4F1}.Debug|x86.Build.0 = Debug|Any CPU
		{11350FC5-7233-4257-9612-22B6F9A0D4F1}.Release|Any CPU.ActiveCfg = Release|Any CPU
		{11350FC5-7233-4257-9612-22B6F9A0D4F1}.Release|Any CPU.Build.0 = Release|Any CPU
		{11350FC5-7233-4257-9612-22B6F9A0D4F1}.Release|ARM.ActiveCfg = Release|Any CPU
		{11350FC5-7233-4257-9612-22B6F9A0D4F1}.Release|ARM.Build.0 = Release|Any CPU
		{11350FC5-7233-4257-9612-22B6F9A0D4F1}.Release|iPhone.ActiveCfg = Release|Any CPU
		{11350FC5-7233-4257-9612-22B6F9A0D4F1}.Release|iPhone.Build.0 = Release|Any CPU
		{11350FC5-7233-4257-9612-22B6F9A0D4F1}.Release|iPhoneSimulator.ActiveCfg = Release|Any CPU
		{11350FC5-7233-4257-9612-22B6F9A0D4F1}.Release|iPhoneSimulator.Build.0 = Release|Any CPU
		{11350FC5-7233-4257-9612-22B6F9A0D4F1}.Release|x64.ActiveCfg = Release|Any CPU
		{11350FC5-7233-4257-9612-22B6F9A0D4F1}.Release|x64.Build.0 = Release|Any CPU
		{11350FC5-7233-4257-9612-22B6F9A0D4F1}.Release|x86.ActiveCfg = Release|Any CPU
		{11350FC5-7233-4257-9612-22B6F9A0D4F1}.Release|x86.Build.0 = Release|Any CPU
		{8D6C7978-AC25-4FEE-B278-33010F3BED45}.Ad-Hoc|Any CPU.ActiveCfg = Release|Any CPU
		{8D6C7978-AC25-4FEE-B278-33010F3BED45}.Ad-Hoc|Any CPU.Build.0 = Release|Any CPU
		{8D6C7978-AC25-4FEE-B278-33010F3BED45}.Ad-Hoc|Any CPU.Deploy.0 = Release|Any CPU
		{8D6C7978-AC25-4FEE-B278-33010F3BED45}.Ad-Hoc|ARM.ActiveCfg = Release|Any CPU
		{8D6C7978-AC25-4FEE-B278-33010F3BED45}.Ad-Hoc|ARM.Build.0 = Release|Any CPU
		{8D6C7978-AC25-4FEE-B278-33010F3BED45}.Ad-Hoc|ARM.Deploy.0 = Release|Any CPU
		{8D6C7978-AC25-4FEE-B278-33010F3BED45}.Ad-Hoc|iPhone.ActiveCfg = Release|Any CPU
		{8D6C7978-AC25-4FEE-B278-33010F3BED45}.Ad-Hoc|iPhone.Build.0 = Release|Any CPU
		{8D6C7978-AC25-4FEE-B278-33010F3BED45}.Ad-Hoc|iPhone.Deploy.0 = Release|Any CPU
		{8D6C7978-AC25-4FEE-B278-33010F3BED45}.Ad-Hoc|iPhoneSimulator.ActiveCfg = Release|Any CPU
		{8D6C7978-AC25-4FEE-B278-33010F3BED45}.Ad-Hoc|iPhoneSimulator.Build.0 = Release|Any CPU
		{8D6C7978-AC25-4FEE-B278-33010F3BED45}.Ad-Hoc|iPhoneSimulator.Deploy.0 = Release|Any CPU
		{8D6C7978-AC25-4FEE-B278-33010F3BED45}.Ad-Hoc|x64.ActiveCfg = Release|Any CPU
		{8D6C7978-AC25-4FEE-B278-33010F3BED45}.Ad-Hoc|x64.Build.0 = Release|Any CPU
		{8D6C7978-AC25-4FEE-B278-33010F3BED45}.Ad-Hoc|x64.Deploy.0 = Release|Any CPU
		{8D6C7978-AC25-4FEE-B278-33010F3BED45}.Ad-Hoc|x86.ActiveCfg = Release|Any CPU
		{8D6C7978-AC25-4FEE-B278-33010F3BED45}.Ad-Hoc|x86.Build.0 = Release|Any CPU
		{8D6C7978-AC25-4FEE-B278-33010F3BED45}.Ad-Hoc|x86.Deploy.0 = Release|Any CPU
		{8D6C7978-AC25-4FEE-B278-33010F3BED45}.AppStore|Any CPU.ActiveCfg = Release|Any CPU
		{8D6C7978-AC25-4FEE-B278-33010F3BED45}.AppStore|Any CPU.Build.0 = Release|Any CPU
		{8D6C7978-AC25-4FEE-B278-33010F3BED45}.AppStore|Any CPU.Deploy.0 = Release|Any CPU
		{8D6C7978-AC25-4FEE-B278-33010F3BED45}.AppStore|ARM.ActiveCfg = Release|Any CPU
		{8D6C7978-AC25-4FEE-B278-33010F3BED45}.AppStore|ARM.Build.0 = Release|Any CPU
		{8D6C7978-AC25-4FEE-B278-33010F3BED45}.AppStore|ARM.Deploy.0 = Release|Any CPU
		{8D6C7978-AC25-4FEE-B278-33010F3BED45}.AppStore|iPhone.ActiveCfg = Release|Any CPU
		{8D6C7978-AC25-4FEE-B278-33010F3BED45}.AppStore|iPhone.Build.0 = Release|Any CPU
		{8D6C7978-AC25-4FEE-B278-33010F3BED45}.AppStore|iPhone.Deploy.0 = Release|Any CPU
		{8D6C7978-AC25-4FEE-B278-33010F3BED45}.AppStore|iPhoneSimulator.ActiveCfg = Release|Any CPU
		{8D6C7978-AC25-4FEE-B278-33010F3BED45}.AppStore|iPhoneSimulator.Build.0 = Release|Any CPU
		{8D6C7978-AC25-4FEE-B278-33010F3BED45}.AppStore|iPhoneSimulator.Deploy.0 = Release|Any CPU
		{8D6C7978-AC25-4FEE-B278-33010F3BED45}.AppStore|x64.ActiveCfg = Release|Any CPU
		{8D6C7978-AC25-4FEE-B278-33010F3BED45}.AppStore|x64.Build.0 = Release|Any CPU
		{8D6C7978-AC25-4FEE-B278-33010F3BED45}.AppStore|x64.Deploy.0 = Release|Any CPU
		{8D6C7978-AC25-4FEE-B278-33010F3BED45}.AppStore|x86.ActiveCfg = Release|Any CPU
		{8D6C7978-AC25-4FEE-B278-33010F3BED45}.AppStore|x86.Build.0 = Release|Any CPU
		{8D6C7978-AC25-4FEE-B278-33010F3BED45}.AppStore|x86.Deploy.0 = Release|Any CPU
		{8D6C7978-AC25-4FEE-B278-33010F3BED45}.Debug|Any CPU.ActiveCfg = Debug|Any CPU
		{8D6C7978-AC25-4FEE-B278-33010F3BED45}.Debug|Any CPU.Build.0 = Debug|Any CPU
		{8D6C7978-AC25-4FEE-B278-33010F3BED45}.Debug|Any CPU.Deploy.0 = Debug|Any CPU
		{8D6C7978-AC25-4FEE-B278-33010F3BED45}.Debug|ARM.ActiveCfg = Debug|Any CPU
		{8D6C7978-AC25-4FEE-B278-33010F3BED45}.Debug|ARM.Build.0 = Debug|Any CPU
		{8D6C7978-AC25-4FEE-B278-33010F3BED45}.Debug|ARM.Deploy.0 = Debug|Any CPU
		{8D6C7978-AC25-4FEE-B278-33010F3BED45}.Debug|iPhone.ActiveCfg = Debug|Any CPU
		{8D6C7978-AC25-4FEE-B278-33010F3BED45}.Debug|iPhone.Build.0 = Debug|Any CPU
		{8D6C7978-AC25-4FEE-B278-33010F3BED45}.Debug|iPhone.Deploy.0 = Debug|Any CPU
		{8D6C7978-AC25-4FEE-B278-33010F3BED45}.Debug|iPhoneSimulator.ActiveCfg = Debug|Any CPU
		{8D6C7978-AC25-4FEE-B278-33010F3BED45}.Debug|iPhoneSimulator.Build.0 = Debug|Any CPU
		{8D6C7978-AC25-4FEE-B278-33010F3BED45}.Debug|iPhoneSimulator.Deploy.0 = Debug|Any CPU
		{8D6C7978-AC25-4FEE-B278-33010F3BED45}.Debug|x64.ActiveCfg = Debug|Any CPU
		{8D6C7978-AC25-4FEE-B278-33010F3BED45}.Debug|x64.Build.0 = Debug|Any CPU
		{8D6C7978-AC25-4FEE-B278-33010F3BED45}.Debug|x64.Deploy.0 = Debug|Any CPU
		{8D6C7978-AC25-4FEE-B278-33010F3BED45}.Debug|x86.ActiveCfg = Debug|Any CPU
		{8D6C7978-AC25-4FEE-B278-33010F3BED45}.Debug|x86.Build.0 = Debug|Any CPU
		{8D6C7978-AC25-4FEE-B278-33010F3BED45}.Debug|x86.Deploy.0 = Debug|Any CPU
		{8D6C7978-AC25-4FEE-B278-33010F3BED45}.Release|Any CPU.ActiveCfg = Release|Any CPU
		{8D6C7978-AC25-4FEE-B278-33010F3BED45}.Release|Any CPU.Build.0 = Release|Any CPU
		{8D6C7978-AC25-4FEE-B278-33010F3BED45}.Release|Any CPU.Deploy.0 = Release|Any CPU
		{8D6C7978-AC25-4FEE-B278-33010F3BED45}.Release|ARM.ActiveCfg = Release|Any CPU
		{8D6C7978-AC25-4FEE-B278-33010F3BED45}.Release|ARM.Build.0 = Release|Any CPU
		{8D6C7978-AC25-4FEE-B278-33010F3BED45}.Release|ARM.Deploy.0 = Release|Any CPU
		{8D6C7978-AC25-4FEE-B278-33010F3BED45}.Release|iPhone.ActiveCfg = Release|Any CPU
		{8D6C7978-AC25-4FEE-B278-33010F3BED45}.Release|iPhone.Build.0 = Release|Any CPU
		{8D6C7978-AC25-4FEE-B278-33010F3BED45}.Release|iPhone.Deploy.0 = Release|Any CPU
		{8D6C7978-AC25-4FEE-B278-33010F3BED45}.Release|iPhoneSimulator.ActiveCfg = Release|Any CPU
		{8D6C7978-AC25-4FEE-B278-33010F3BED45}.Release|iPhoneSimulator.Build.0 = Release|Any CPU
		{8D6C7978-AC25-4FEE-B278-33010F3BED45}.Release|iPhoneSimulator.Deploy.0 = Release|Any CPU
		{8D6C7978-AC25-4FEE-B278-33010F3BED45}.Release|x64.ActiveCfg = Release|Any CPU
		{8D6C7978-AC25-4FEE-B278-33010F3BED45}.Release|x64.Build.0 = Release|Any CPU
		{8D6C7978-AC25-4FEE-B278-33010F3BED45}.Release|x64.Deploy.0 = Release|Any CPU
		{8D6C7978-AC25-4FEE-B278-33010F3BED45}.Release|x86.ActiveCfg = Release|Any CPU
		{8D6C7978-AC25-4FEE-B278-33010F3BED45}.Release|x86.Build.0 = Release|Any CPU
		{8D6C7978-AC25-4FEE-B278-33010F3BED45}.Release|x86.Deploy.0 = Release|Any CPU
		{45214090-20E4-4F0F-9A06-9CAF9BC56982}.Ad-Hoc|Any CPU.ActiveCfg = Ad-Hoc|iPhone
		{45214090-20E4-4F0F-9A06-9CAF9BC56982}.Ad-Hoc|ARM.ActiveCfg = Ad-Hoc|iPhone
		{45214090-20E4-4F0F-9A06-9CAF9BC56982}.Ad-Hoc|iPhone.ActiveCfg = Ad-Hoc|iPhone
		{45214090-20E4-4F0F-9A06-9CAF9BC56982}.Ad-Hoc|iPhone.Build.0 = Ad-Hoc|iPhone
		{45214090-20E4-4F0F-9A06-9CAF9BC56982}.Ad-Hoc|iPhoneSimulator.ActiveCfg = Ad-Hoc|iPhoneSimulator
		{45214090-20E4-4F0F-9A06-9CAF9BC56982}.Ad-Hoc|iPhoneSimulator.Build.0 = Ad-Hoc|iPhoneSimulator
		{45214090-20E4-4F0F-9A06-9CAF9BC56982}.Ad-Hoc|x64.ActiveCfg = Ad-Hoc|iPhone
		{45214090-20E4-4F0F-9A06-9CAF9BC56982}.Ad-Hoc|x86.ActiveCfg = Ad-Hoc|iPhone
		{45214090-20E4-4F0F-9A06-9CAF9BC56982}.AppStore|Any CPU.ActiveCfg = AppStore|iPhone
		{45214090-20E4-4F0F-9A06-9CAF9BC56982}.AppStore|ARM.ActiveCfg = AppStore|iPhone
		{45214090-20E4-4F0F-9A06-9CAF9BC56982}.AppStore|iPhone.ActiveCfg = AppStore|iPhone
		{45214090-20E4-4F0F-9A06-9CAF9BC56982}.AppStore|iPhone.Build.0 = AppStore|iPhone
		{45214090-20E4-4F0F-9A06-9CAF9BC56982}.AppStore|iPhoneSimulator.ActiveCfg = AppStore|iPhoneSimulator
		{45214090-20E4-4F0F-9A06-9CAF9BC56982}.AppStore|iPhoneSimulator.Build.0 = AppStore|iPhoneSimulator
		{45214090-20E4-4F0F-9A06-9CAF9BC56982}.AppStore|x64.ActiveCfg = AppStore|iPhone
		{45214090-20E4-4F0F-9A06-9CAF9BC56982}.AppStore|x86.ActiveCfg = AppStore|iPhone
		{45214090-20E4-4F0F-9A06-9CAF9BC56982}.Debug|Any CPU.ActiveCfg = Debug|iPhone
		{45214090-20E4-4F0F-9A06-9CAF9BC56982}.Debug|ARM.ActiveCfg = Debug|iPhone
		{45214090-20E4-4F0F-9A06-9CAF9BC56982}.Debug|iPhone.ActiveCfg = Debug|iPhone
		{45214090-20E4-4F0F-9A06-9CAF9BC56982}.Debug|iPhone.Build.0 = Debug|iPhone
		{45214090-20E4-4F0F-9A06-9CAF9BC56982}.Debug|iPhoneSimulator.ActiveCfg = Debug|iPhoneSimulator
		{45214090-20E4-4F0F-9A06-9CAF9BC56982}.Debug|iPhoneSimulator.Build.0 = Debug|iPhoneSimulator
		{45214090-20E4-4F0F-9A06-9CAF9BC56982}.Debug|x64.ActiveCfg = Debug|iPhone
		{45214090-20E4-4F0F-9A06-9CAF9BC56982}.Debug|x86.ActiveCfg = Debug|iPhone
		{45214090-20E4-4F0F-9A06-9CAF9BC56982}.Release|Any CPU.ActiveCfg = Release|iPhone
		{45214090-20E4-4F0F-9A06-9CAF9BC56982}.Release|ARM.ActiveCfg = Release|iPhone
		{45214090-20E4-4F0F-9A06-9CAF9BC56982}.Release|iPhone.ActiveCfg = Release|iPhone
		{45214090-20E4-4F0F-9A06-9CAF9BC56982}.Release|iPhone.Build.0 = Release|iPhone
		{45214090-20E4-4F0F-9A06-9CAF9BC56982}.Release|iPhoneSimulator.ActiveCfg = Release|iPhoneSimulator
		{45214090-20E4-4F0F-9A06-9CAF9BC56982}.Release|iPhoneSimulator.Build.0 = Release|iPhoneSimulator
		{45214090-20E4-4F0F-9A06-9CAF9BC56982}.Release|x64.ActiveCfg = Release|iPhone
		{45214090-20E4-4F0F-9A06-9CAF9BC56982}.Release|x86.ActiveCfg = Release|iPhone
		{06C7236B-2764-41D9-8432-B1946F9079C5}.Ad-Hoc|Any CPU.ActiveCfg = Release|x86
		{06C7236B-2764-41D9-8432-B1946F9079C5}.Ad-Hoc|Any CPU.Build.0 = Release|x86
		{06C7236B-2764-41D9-8432-B1946F9079C5}.Ad-Hoc|Any CPU.Deploy.0 = Release|x86
		{06C7236B-2764-41D9-8432-B1946F9079C5}.Ad-Hoc|ARM.ActiveCfg = Release|ARM
		{06C7236B-2764-41D9-8432-B1946F9079C5}.Ad-Hoc|ARM.Build.0 = Release|ARM
		{06C7236B-2764-41D9-8432-B1946F9079C5}.Ad-Hoc|ARM.Deploy.0 = Release|ARM
		{06C7236B-2764-41D9-8432-B1946F9079C5}.Ad-Hoc|iPhone.ActiveCfg = Release|x86
		{06C7236B-2764-41D9-8432-B1946F9079C5}.Ad-Hoc|iPhone.Build.0 = Release|x86
		{06C7236B-2764-41D9-8432-B1946F9079C5}.Ad-Hoc|iPhone.Deploy.0 = Release|x86
		{06C7236B-2764-41D9-8432-B1946F9079C5}.Ad-Hoc|iPhoneSimulator.ActiveCfg = Release|x86
		{06C7236B-2764-41D9-8432-B1946F9079C5}.Ad-Hoc|iPhoneSimulator.Build.0 = Release|x86
		{06C7236B-2764-41D9-8432-B1946F9079C5}.Ad-Hoc|iPhoneSimulator.Deploy.0 = Release|x86
		{06C7236B-2764-41D9-8432-B1946F9079C5}.Ad-Hoc|x64.ActiveCfg = Release|x64
		{06C7236B-2764-41D9-8432-B1946F9079C5}.Ad-Hoc|x64.Build.0 = Release|x64
		{06C7236B-2764-41D9-8432-B1946F9079C5}.Ad-Hoc|x64.Deploy.0 = Release|x64
		{06C7236B-2764-41D9-8432-B1946F9079C5}.Ad-Hoc|x86.ActiveCfg = Release|x86
		{06C7236B-2764-41D9-8432-B1946F9079C5}.Ad-Hoc|x86.Build.0 = Release|x86
		{06C7236B-2764-41D9-8432-B1946F9079C5}.Ad-Hoc|x86.Deploy.0 = Release|x86
		{06C7236B-2764-41D9-8432-B1946F9079C5}.AppStore|Any CPU.ActiveCfg = Release|x86
		{06C7236B-2764-41D9-8432-B1946F9079C5}.AppStore|Any CPU.Build.0 = Release|x86
		{06C7236B-2764-41D9-8432-B1946F9079C5}.AppStore|Any CPU.Deploy.0 = Release|x86
		{06C7236B-2764-41D9-8432-B1946F9079C5}.AppStore|ARM.ActiveCfg = Release|ARM
		{06C7236B-2764-41D9-8432-B1946F9079C5}.AppStore|ARM.Build.0 = Release|ARM
		{06C7236B-2764-41D9-8432-B1946F9079C5}.AppStore|ARM.Deploy.0 = Release|ARM
		{06C7236B-2764-41D9-8432-B1946F9079C5}.AppStore|iPhone.ActiveCfg = Release|x86
		{06C7236B-2764-41D9-8432-B1946F9079C5}.AppStore|iPhone.Build.0 = Release|x86
		{06C7236B-2764-41D9-8432-B1946F9079C5}.AppStore|iPhone.Deploy.0 = Release|x86
		{06C7236B-2764-41D9-8432-B1946F9079C5}.AppStore|iPhoneSimulator.ActiveCfg = Release|x86
		{06C7236B-2764-41D9-8432-B1946F9079C5}.AppStore|iPhoneSimulator.Build.0 = Release|x86
		{06C7236B-2764-41D9-8432-B1946F9079C5}.AppStore|iPhoneSimulator.Deploy.0 = Release|x86
		{06C7236B-2764-41D9-8432-B1946F9079C5}.AppStore|x64.ActiveCfg = Release|x64
		{06C7236B-2764-41D9-8432-B1946F9079C5}.AppStore|x64.Build.0 = Release|x64
		{06C7236B-2764-41D9-8432-B1946F9079C5}.AppStore|x64.Deploy.0 = Release|x64
		{06C7236B-2764-41D9-8432-B1946F9079C5}.AppStore|x86.ActiveCfg = Release|x86
		{06C7236B-2764-41D9-8432-B1946F9079C5}.AppStore|x86.Build.0 = Release|x86
		{06C7236B-2764-41D9-8432-B1946F9079C5}.AppStore|x86.Deploy.0 = Release|x86
		{06C7236B-2764-41D9-8432-B1946F9079C5}.Debug|Any CPU.ActiveCfg = Debug|x86
		{06C7236B-2764-41D9-8432-B1946F9079C5}.Debug|ARM.ActiveCfg = Debug|ARM
		{06C7236B-2764-41D9-8432-B1946F9079C5}.Debug|ARM.Build.0 = Debug|ARM
		{06C7236B-2764-41D9-8432-B1946F9079C5}.Debug|ARM.Deploy.0 = Debug|ARM
		{06C7236B-2764-41D9-8432-B1946F9079C5}.Debug|iPhone.ActiveCfg = Debug|x86
		{06C7236B-2764-41D9-8432-B1946F9079C5}.Debug|iPhoneSimulator.ActiveCfg = Debug|x86
		{06C7236B-2764-41D9-8432-B1946F9079C5}.Debug|x64.ActiveCfg = Debug|x64
		{06C7236B-2764-41D9-8432-B1946F9079C5}.Debug|x64.Build.0 = Debug|x64
		{06C7236B-2764-41D9-8432-B1946F9079C5}.Debug|x64.Deploy.0 = Debug|x64
		{06C7236B-2764-41D9-8432-B1946F9079C5}.Debug|x86.ActiveCfg = Debug|x86
		{06C7236B-2764-41D9-8432-B1946F9079C5}.Debug|x86.Build.0 = Debug|x86
		{06C7236B-2764-41D9-8432-B1946F9079C5}.Debug|x86.Deploy.0 = Debug|x86
		{06C7236B-2764-41D9-8432-B1946F9079C5}.Release|Any CPU.ActiveCfg = Release|x86
		{06C7236B-2764-41D9-8432-B1946F9079C5}.Release|ARM.ActiveCfg = Release|ARM
		{06C7236B-2764-41D9-8432-B1946F9079C5}.Release|ARM.Build.0 = Release|ARM
		{06C7236B-2764-41D9-8432-B1946F9079C5}.Release|ARM.Deploy.0 = Release|ARM
		{06C7236B-2764-41D9-8432-B1946F9079C5}.Release|iPhone.ActiveCfg = Release|x86
		{06C7236B-2764-41D9-8432-B1946F9079C5}.Release|iPhoneSimulator.ActiveCfg = Release|x86
		{06C7236B-2764-41D9-8432-B1946F9079C5}.Release|x64.ActiveCfg = Release|x64
		{06C7236B-2764-41D9-8432-B1946F9079C5}.Release|x64.Build.0 = Release|x64
		{06C7236B-2764-41D9-8432-B1946F9079C5}.Release|x64.Deploy.0 = Release|x64
		{06C7236B-2764-41D9-8432-B1946F9079C5}.Release|x86.ActiveCfg = Release|x86
		{06C7236B-2764-41D9-8432-B1946F9079C5}.Release|x86.Build.0 = Release|x86
		{06C7236B-2764-41D9-8432-B1946F9079C5}.Release|x86.Deploy.0 = Release|x86
		{F5549BB3-AFB0-453B-866D-A8D7B1E6403E}.Ad-Hoc|Any CPU.ActiveCfg = Release|Any CPU
		{F5549BB3-AFB0-453B-866D-A8D7B1E6403E}.Ad-Hoc|Any CPU.Build.0 = Release|Any CPU
		{F5549BB3-AFB0-453B-866D-A8D7B1E6403E}.Ad-Hoc|ARM.ActiveCfg = Release|Any CPU
		{F5549BB3-AFB0-453B-866D-A8D7B1E6403E}.Ad-Hoc|ARM.Build.0 = Release|Any CPU
		{F5549BB3-AFB0-453B-866D-A8D7B1E6403E}.Ad-Hoc|iPhone.ActiveCfg = Release|Any CPU
		{F5549BB3-AFB0-453B-866D-A8D7B1E6403E}.Ad-Hoc|iPhone.Build.0 = Release|Any CPU
		{F5549BB3-AFB0-453B-866D-A8D7B1E6403E}.Ad-Hoc|iPhoneSimulator.ActiveCfg = Release|Any CPU
		{F5549BB3-AFB0-453B-866D-A8D7B1E6403E}.Ad-Hoc|iPhoneSimulator.Build.0 = Release|Any CPU
		{F5549BB3-AFB0-453B-866D-A8D7B1E6403E}.Ad-Hoc|x64.ActiveCfg = Release|Any CPU
		{F5549BB3-AFB0-453B-866D-A8D7B1E6403E}.Ad-Hoc|x64.Build.0 = Release|Any CPU
		{F5549BB3-AFB0-453B-866D-A8D7B1E6403E}.Ad-Hoc|x86.ActiveCfg = Release|Any CPU
		{F5549BB3-AFB0-453B-866D-A8D7B1E6403E}.Ad-Hoc|x86.Build.0 = Release|Any CPU
		{F5549BB3-AFB0-453B-866D-A8D7B1E6403E}.AppStore|Any CPU.ActiveCfg = Release|Any CPU
		{F5549BB3-AFB0-453B-866D-A8D7B1E6403E}.AppStore|Any CPU.Build.0 = Release|Any CPU
		{F5549BB3-AFB0-453B-866D-A8D7B1E6403E}.AppStore|ARM.ActiveCfg = Release|Any CPU
		{F5549BB3-AFB0-453B-866D-A8D7B1E6403E}.AppStore|ARM.Build.0 = Release|Any CPU
		{F5549BB3-AFB0-453B-866D-A8D7B1E6403E}.AppStore|iPhone.ActiveCfg = Release|Any CPU
		{F5549BB3-AFB0-453B-866D-A8D7B1E6403E}.AppStore|iPhone.Build.0 = Release|Any CPU
		{F5549BB3-AFB0-453B-866D-A8D7B1E6403E}.AppStore|iPhoneSimulator.ActiveCfg = Release|Any CPU
		{F5549BB3-AFB0-453B-866D-A8D7B1E6403E}.AppStore|iPhoneSimulator.Build.0 = Release|Any CPU
		{F5549BB3-AFB0-453B-866D-A8D7B1E6403E}.AppStore|x64.ActiveCfg = Release|Any CPU
		{F5549BB3-AFB0-453B-866D-A8D7B1E6403E}.AppStore|x64.Build.0 = Release|Any CPU
		{F5549BB3-AFB0-453B-866D-A8D7B1E6403E}.AppStore|x86.ActiveCfg = Release|Any CPU
		{F5549BB3-AFB0-453B-866D-A8D7B1E6403E}.AppStore|x86.Build.0 = Release|Any CPU
		{F5549BB3-AFB0-453B-866D-A8D7B1E6403E}.Debug|Any CPU.ActiveCfg = Debug|Any CPU
		{F5549BB3-AFB0-453B-866D-A8D7B1E6403E}.Debug|Any CPU.Build.0 = Debug|Any CPU
		{F5549BB3-AFB0-453B-866D-A8D7B1E6403E}.Debug|ARM.ActiveCfg = Debug|Any CPU
		{F5549BB3-AFB0-453B-866D-A8D7B1E6403E}.Debug|ARM.Build.0 = Debug|Any CPU
		{F5549BB3-AFB0-453B-866D-A8D7B1E6403E}.Debug|iPhone.ActiveCfg = Debug|Any CPU
		{F5549BB3-AFB0-453B-866D-A8D7B1E6403E}.Debug|iPhone.Build.0 = Debug|Any CPU
		{F5549BB3-AFB0-453B-866D-A8D7B1E6403E}.Debug|iPhoneSimulator.ActiveCfg = Debug|Any CPU
		{F5549BB3-AFB0-453B-866D-A8D7B1E6403E}.Debug|iPhoneSimulator.Build.0 = Debug|Any CPU
		{F5549BB3-AFB0-453B-866D-A8D7B1E6403E}.Debug|x64.ActiveCfg = Debug|Any CPU
		{F5549BB3-AFB0-453B-866D-A8D7B1E6403E}.Debug|x64.Build.0 = Debug|Any CPU
		{F5549BB3-AFB0-453B-866D-A8D7B1E6403E}.Debug|x86.ActiveCfg = Debug|Any CPU
		{F5549BB3-AFB0-453B-866D-A8D7B1E6403E}.Debug|x86.Build.0 = Debug|Any CPU
		{F5549BB3-AFB0-453B-866D-A8D7B1E6403E}.Release|Any CPU.ActiveCfg = Release|Any CPU
		{F5549BB3-AFB0-453B-866D-A8D7B1E6403E}.Release|Any CPU.Build.0 = Release|Any CPU
		{F5549BB3-AFB0-453B-866D-A8D7B1E6403E}.Release|ARM.ActiveCfg = Release|Any CPU
		{F5549BB3-AFB0-453B-866D-A8D7B1E6403E}.Release|ARM.Build.0 = Release|Any CPU
		{F5549BB3-AFB0-453B-866D-A8D7B1E6403E}.Release|iPhone.ActiveCfg = Release|Any CPU
		{F5549BB3-AFB0-453B-866D-A8D7B1E6403E}.Release|iPhone.Build.0 = Release|Any CPU
		{F5549BB3-AFB0-453B-866D-A8D7B1E6403E}.Release|iPhoneSimulator.ActiveCfg = Release|Any CPU
		{F5549BB3-AFB0-453B-866D-A8D7B1E6403E}.Release|iPhoneSimulator.Build.0 = Release|Any CPU
		{F5549BB3-AFB0-453B-866D-A8D7B1E6403E}.Release|x64.ActiveCfg = Release|Any CPU
		{F5549BB3-AFB0-453B-866D-A8D7B1E6403E}.Release|x64.Build.0 = Release|Any CPU
		{F5549BB3-AFB0-453B-866D-A8D7B1E6403E}.Release|x86.ActiveCfg = Release|Any CPU
		{F5549BB3-AFB0-453B-866D-A8D7B1E6403E}.Release|x86.Build.0 = Release|Any CPU
	EndGlobalSection
	GlobalSection(SolutionProperties) = preSolution
		HideSolutionNode = FALSE
	EndGlobalSection
	GlobalSection(NestedProjects) = preSolution
		{11350FC5-7233-4257-9612-22B6F9A0D4F1} = {45832DFF-3E9F-4E6F-BFB3-E895AF343475}
		{8D6C7978-AC25-4FEE-B278-33010F3BED45} = {45832DFF-3E9F-4E6F-BFB3-E895AF343475}
		{45214090-20E4-4F0F-9A06-9CAF9BC56982} = {45832DFF-3E9F-4E6F-BFB3-E895AF343475}
		{06C7236B-2764-41D9-8432-B1946F9079C5} = {45832DFF-3E9F-4E6F-BFB3-E895AF343475}
	EndGlobalSection
	GlobalSection(TeamFoundationVersionControl) = preSolution
		SccNumberOfProjects = 16
		SccEnterpriseProvider = {4CA58AB2-18FA-4F8D-95D4-32DDF27D184C}
		SccTeamFoundationServer = https://dnp2016.visualstudio.com/
		SccLocalPath0 = .
		SccProjectUniqueName1 = Semestralka\\Semestralka.csproj
		SccProjectName1 = Semestralka
		SccLocalPath1 = Semestralka
		SccProjectUniqueName2 = LinqWorkshop\\LinqWorkshop.csproj
		SccProjectName2 = LinqWorkshop
		SccLocalPath2 = LinqWorkshop
		SccProjectUniqueName3 = UnitTestProject1\\UnitTestProject.csproj
		SccProjectName3 = UnitTestProject1
		SccLocalPath3 = UnitTestProject1
		SccProjectUniqueName4 = DataModel\\DataModel.csproj
		SccProjectName4 = DataModel
		SccLocalPath4 = DataModel
		SccProjectUniqueName5 = ServerSide\\ServerSide.csproj
		SccProjectName5 = ServerSide
		SccLocalPath5 = ServerSide
		SccProjectUniqueName6 = WcfServiceHost\\WcfServiceHost.csproj
		SccProjectName6 = WcfServiceHost
		SccLocalPath6 = WcfServiceHost
		SccProjectUniqueName7 = WcfServiceClient\\WcfServiceClient.csproj
		SccProjectName7 = WcfServiceClient
		SccLocalPath7 = WcfServiceClient
		SccProjectUniqueName8 = WcfService\\WcfService.csproj
		SccProjectName8 = WcfService
		SccLocalPath8 = WcfService
		SccProjectUniqueName9 = wpfko\\wpfko.csproj
		SccProjectName9 = wpfko
		SccLocalPath9 = wpfko
		SccProjectUniqueName10 = Server\\Server.csproj
		SccProjectName10 = Server
		SccLocalPath10 = Server
		SccProjectUniqueName11 = FreeTravelersApp\\FreeTravelersApp.csproj
		SccProjectTopLevelParentUniqueName11 = Semestralka.sln
		SccProjectName11 = FreeTravelersApp
		SccLocalPath11 = FreeTravelersApp
		SccProjectUniqueName12 = FreeTravelersApp.Droid\\FreeTravelersApp.Droid.csproj
		SccProjectTopLevelParentUniqueName12 = Semestralka.sln
		SccProjectName12 = FreeTravelersApp.Droid
		SccLocalPath12 = FreeTravelersApp.Droid
		SccProjectUniqueName13 = FreeTravelersApp.iOS\\FreeTravelersApp.iOS.csproj
		SccProjectTopLevelParentUniqueName13 = Semestralka.sln
		SccProjectName13 = FreeTravelersApp.iOS
		SccLocalPath13 = FreeTravelersApp.iOS
		SccProjectUniqueName14 = FreeTravelersApp.UWP\\FreeTravelersApp.UWP.csproj
		SccProjectTopLevelParentUniqueName14 = Semestralka.sln
		SccProjectName14 = FreeTravelersApp.UWP
		SccLocalPath14 = FreeTravelersApp.UWP
		SccProjectUniqueName15 = SharedProj\\SharedProj.csproj
		SccProjectName15 = SharedProj
		SccLocalPath15 = SharedProj
	EndGlobalSection
EndGlobal
